# This file was autogenerated by Stack.
# You should not edit this file by hand.
# For more information, please see the documentation at:
#   https://docs.haskellstack.org/en/stable/lock_files

packages:
- completed:
    name: devtools
    version: 0.1.0
    git: https://github.com/mbj/devtools-hs.git
    pantry-tree:
      size: 1058
      sha256: 718606fda1141aacd19600ea6caf0a0f3eb2ff674db796e4777da25551ca46e9
    commit: 4ad5c5193a320977a9a7befb8726f2db0d271712
  original:
    git: https://github.com/mbj/devtools-hs.git
    commit: 4ad5c5193a320977a9a7befb8726f2db0d271712
- completed:
    hackage: source-constraints-0.0.2@sha256:5746921c48cde021cd9120fc917dd21768fa6f3716f9d09fc847cac3c6f5d4e4,3103
    pantry-tree:
      size: 768
      sha256: 028d0fa64e36ef0df8629d4d36339458351d831a43d8d2dd8009600df1203377
  original:
    hackage: source-constraints-0.0.2@sha256:5746921c48cde021cd9120fc917dd21768fa6f3716f9d09fc847cac3c6f5d4e4,3103
- completed:
    hackage: tasty-1.3.1@sha256:01e35c97f7ee5ccbc28f21debea02a38cd010d53b4c3087f5677c5d06617a507,2520
    pantry-tree:
      size: 1804
      sha256: 6150ec5094fe321150b1263bc751c1a85b22be766053fb4648115d8c02b2064b
  original:
    hackage: tasty-1.3.1@sha256:01e35c97f7ee5ccbc28f21debea02a38cd010d53b4c3087f5677c5d06617a507,2520
- completed:
    hackage: tasty-mgolden-0.0.1@sha256:07fadb592cde353c386c5f38cff75539a5675e9350776ed6f4f0a70247427a78,4214
    pantry-tree:
      size: 338
      sha256: 9cd24c3a02396dd93ed7d57df1d9668a2377d128e413db5ff89d82ffdfc830fa
  original:
    hackage: tasty-mgolden-0.0.1@sha256:07fadb592cde353c386c5f38cff75539a5675e9350776ed6f4f0a70247427a78,4214
- completed:
    hackage: unliftio-core-0.2.0.1@sha256:9b3e44ea9aacacbfc35b3b54015af450091916ac3618a41868ebf6546977659a,1082
    pantry-tree:
      size: 328
      sha256: e81c5a1e82ec2cd68cbbbec9cd60567363abe02257fa1370a906f6754b6818b8
  original:
    hackage: unliftio-core-0.2.0.1@sha256:9b3e44ea9aacacbfc35b3b54015af450091916ac3618a41868ebf6546977659a,1082
snapshots:
- completed:
    size: 534126
    url: https://raw.githubusercontent.com/commercialhaskell/stackage-snapshots/master/lts/16/31.yaml
    sha256: 637fb77049b25560622a224845b7acfe81a09fdb6a96a3c75997a10b651667f6
  original: lts-16.31
