# This file was autogenerated by Stack.
# You should not edit this file by hand.
# For more information, please see the documentation at:
#   https://docs.haskellstack.org/en/stable/lock_files

packages:
- completed:
    hackage: amazonka-2.0@sha256:3481da2fda6b210d15d41c1db7a588adf68123cfb7ea3882797a6230003259db,3505
    pantry-tree:
      sha256: 01c7121bd5e4a3918a71ea6502412292c97facf20c9620f07af96e423d6437e2
      size: 1528
  original:
    hackage: amazonka-2.0
- completed:
    hackage: amazonka-cloudformation-2.0@sha256:7a9618bf697cdaf0a51c2d7be557ad47820b926416d79f5138ff3befdbfcbafb,11870
    pantry-tree:
      sha256: 177fbc16ea2fa072a7fca9f4a3b1d64f4d5e8fc7cd493e4e841f337c572745bd
      size: 27257
  original:
    hackage: amazonka-cloudformation-2.0
- completed:
    hackage: amazonka-core-2.0@sha256:d9f0533c272ac92bd7b18699077038b6b51b3552e91b65743af4ce646286b4f8,4383
    pantry-tree:
      sha256: 46e7e4de910b08ee2df98db9cda2becf388ce49510024018289a46c43e175ee0
      size: 3222
  original:
    hackage: amazonka-core-2.0
- completed:
    hackage: amazonka-s3-2.0@sha256:e3143e11ab9e57ee0dfd9d1dd95a44c5b4a7d34af78c8f5b2e6c00afad118a02,13853
    pantry-tree:
      sha256: 49f801400582ef0ca290312243b55e6e3c540c0c94c1a3110735bc400386fefb
      size: 38690
  original:
    hackage: amazonka-s3-2.0
- completed:
    hackage: amazonka-secretsmanager-2.0@sha256:de4b8b2e1d5d0743dda1eb85c8be96897ab6ccf5aa62494d2d6318d869a49d42,4473
    pantry-tree:
      sha256: aa576fda0382f75e7f7e632a270754d875e41b5099851a1d8ab176cef56c7b50
      size: 7039
  original:
    hackage: amazonka-secretsmanager-2.0
- completed:
    hackage: amazonka-sso-2.0@sha256:902be13b604e4a3b51a9b8e1adc6a32f42322ae11f738a72a8c737b2d0a91a5e,2995
    pantry-tree:
      sha256: f87dd959a78bf54295bd6f8c7da58f7f8f860251d5548ecb05ab758e03cba50b
      size: 1817
  original:
    hackage: amazonka-sso-2.0
- completed:
    hackage: amazonka-sts-2.0@sha256:5c721083e8d80883a893176de6105c27bbbd8176f467c27ac5f8d548a5e726d8,3209
    pantry-tree:
      sha256: bde4691af7cac74e0a3705271b4d3ac05515863bfb6f668112e3f3950a27cb41
      size: 2880
  original:
    hackage: amazonka-sts-2.0
- completed:
    name: stratosphere
    pantry-tree:
      sha256: 5b56506ebd04c8bdf61e803e0a6049547ca0cb49fed4f6c877e01bb2725caca5
      size: 1112169
    sha256: 2f2cd065af1071679630bb4de341ad8c4c30cb130d7527a5730e4252127c9d83
    size: 2244006
    subdir: .
    url: https://github.com/mbj/stratosphere/archive/7c462f2de4369a76df22d4b34b2f3a9e7754c731.tar.gz
    version: 1.0.0
  original:
    subdir: .
    url: https://github.com/mbj/stratosphere/archive/7c462f2de4369a76df22d4b34b2f3a9e7754c731.tar.gz
- completed:
    name: stratosphere-ecs
    pantry-tree:
      sha256: 6ee6b94c54497bf2603f9cb30cec6bfd4bdf3cee918274eb4e588918da063226
      size: 13226
    sha256: 2f2cd065af1071679630bb4de341ad8c4c30cb130d7527a5730e4252127c9d83
    size: 2244006
    subdir: services/ecs
    url: https://github.com/mbj/stratosphere/archive/7c462f2de4369a76df22d4b34b2f3a9e7754c731.tar.gz
    version: 1.0.0
  original:
    subdir: services/ecs
    url: https://github.com/mbj/stratosphere/archive/7c462f2de4369a76df22d4b34b2f3a9e7754c731.tar.gz
- completed:
    name: stratosphere-lambda
    pantry-tree:
      sha256: f2f2a0451aec3656bc2b4571a08fd8fab156cc483bc65e44a4040e156cbc772e
      size: 7795
    sha256: 2f2cd065af1071679630bb4de341ad8c4c30cb130d7527a5730e4252127c9d83
    size: 2244006
    subdir: services/lambda
    url: https://github.com/mbj/stratosphere/archive/7c462f2de4369a76df22d4b34b2f3a9e7754c731.tar.gz
    version: 1.0.0
  original:
    subdir: services/lambda
    url: https://github.com/mbj/stratosphere/archive/7c462f2de4369a76df22d4b34b2f3a9e7754c731.tar.gz
- completed:
    name: stratosphere-s3
    pantry-tree:
      sha256: 4d1a621d3adef87f2b808a59ea318ae041927e42cbd073489b7871ca3722b200
      size: 16613
    sha256: 2f2cd065af1071679630bb4de341ad8c4c30cb130d7527a5730e4252127c9d83
    size: 2244006
    subdir: services/s3
    url: https://github.com/mbj/stratosphere/archive/7c462f2de4369a76df22d4b34b2f3a9e7754c731.tar.gz
    version: 1.0.0
  original:
    subdir: services/s3
    url: https://github.com/mbj/stratosphere/archive/7c462f2de4369a76df22d4b34b2f3a9e7754c731.tar.gz
- completed:
    name: stratosphere-secretsmanager
    pantry-tree:
      sha256: ca004cb2d9876f121873baab2f45b1eb77abe0eb2968bab8b28de6810cc63cfb
      size: 1408
    sha256: 2f2cd065af1071679630bb4de341ad8c4c30cb130d7527a5730e4252127c9d83
    size: 2244006
    subdir: services/secretsmanager
    url: https://github.com/mbj/stratosphere/archive/7c462f2de4369a76df22d4b34b2f3a9e7754c731.tar.gz
    version: 1.0.0
  original:
    subdir: services/secretsmanager
    url: https://github.com/mbj/stratosphere/archive/7c462f2de4369a76df22d4b34b2f3a9e7754c731.tar.gz
snapshots:
- completed:
    sha256: 97710f56bf093fca0ee5d8dbe19d96b654c752e405b66795b4baedd84a794c60
    size: 640010
    url: https://raw.githubusercontent.com/commercialhaskell/stackage-snapshots/master/lts/21/3.yaml
  original: lts-21.3
