# This file was autogenerated by Stack.
# You should not edit this file by hand.
# For more information, please see the documentation at:
#   https://docs.haskellstack.org/en/stable/lock_files

packages:
- completed:
    name: stratosphere
    pantry-tree:
      sha256: 6820628f1109fcb43ae11d52ea7b5bfc5e54a8b2c89409298116fd7c50cdc518
      size: 1546448
    sha256: 80eb75e2d333363300ad42dd44c67b452906ac66dbb9648ab4d0c963ef1e83d2
    size: 2877978
    subdir: .
    url: https://github.com/mbj/stratosphere/archive/e4f5c97814b7a4f73ee9125d4980ccd68b5a4ed2.tar.gz
    version: 1.0.0
  original:
    subdir: .
    url: https://github.com/mbj/stratosphere/archive/e4f5c97814b7a4f73ee9125d4980ccd68b5a4ed2.tar.gz
- completed:
    name: stratosphere-cloudwatch
    pantry-tree:
      sha256: 40a5dcf6d4178747e82763b53c0b2ddc28cf734eeaa6189a84c6b31bbc68c219
      size: 4591
    sha256: 80eb75e2d333363300ad42dd44c67b452906ac66dbb9648ab4d0c963ef1e83d2
    size: 2877978
    subdir: services/cloudwatch
    url: https://github.com/mbj/stratosphere/archive/e4f5c97814b7a4f73ee9125d4980ccd68b5a4ed2.tar.gz
    version: 1.0.0
  original:
    subdir: services/cloudwatch
    url: https://github.com/mbj/stratosphere/archive/e4f5c97814b7a4f73ee9125d4980ccd68b5a4ed2.tar.gz
- completed:
    name: stratosphere-ecs
    pantry-tree:
      sha256: ebbc05caf08ee0a4b7ea914f2714f2f188786a3b6b50cfe7ebcf0b0ff994b6e6
      size: 15900
    sha256: 80eb75e2d333363300ad42dd44c67b452906ac66dbb9648ab4d0c963ef1e83d2
    size: 2877978
    subdir: services/ecs
    url: https://github.com/mbj/stratosphere/archive/e4f5c97814b7a4f73ee9125d4980ccd68b5a4ed2.tar.gz
    version: 1.0.0
  original:
    subdir: services/ecs
    url: https://github.com/mbj/stratosphere/archive/e4f5c97814b7a4f73ee9125d4980ccd68b5a4ed2.tar.gz
- completed:
    name: stratosphere-events
    pantry-tree:
      sha256: f0cf061f223db62b5358e1936ed22d5e4568ad2124e6b4c025467d241b8319b8
      size: 8860
    sha256: 80eb75e2d333363300ad42dd44c67b452906ac66dbb9648ab4d0c963ef1e83d2
    size: 2877978
    subdir: services/events
    url: https://github.com/mbj/stratosphere/archive/e4f5c97814b7a4f73ee9125d4980ccd68b5a4ed2.tar.gz
    version: 1.0.0
  original:
    subdir: services/events
    url: https://github.com/mbj/stratosphere/archive/e4f5c97814b7a4f73ee9125d4980ccd68b5a4ed2.tar.gz
- completed:
    name: stratosphere-iam
    pantry-tree:
      sha256: 500913420a9c02962dc46ae5fae6fe4130cc91b74756b2d565f91d2291b3a66a
      size: 2041
    sha256: 80eb75e2d333363300ad42dd44c67b452906ac66dbb9648ab4d0c963ef1e83d2
    size: 2877978
    subdir: services/iam
    url: https://github.com/mbj/stratosphere/archive/e4f5c97814b7a4f73ee9125d4980ccd68b5a4ed2.tar.gz
    version: 1.0.0
  original:
    subdir: services/iam
    url: https://github.com/mbj/stratosphere/archive/e4f5c97814b7a4f73ee9125d4980ccd68b5a4ed2.tar.gz
- completed:
    name: stratosphere-lambda
    pantry-tree:
      sha256: 72240d291d7ac9ff3ebb702e82f68c6eacbd3f85edbfeb0f0a5e554c1b1982d3
      size: 8901
    sha256: 80eb75e2d333363300ad42dd44c67b452906ac66dbb9648ab4d0c963ef1e83d2
    size: 2877978
    subdir: services/lambda
    url: https://github.com/mbj/stratosphere/archive/e4f5c97814b7a4f73ee9125d4980ccd68b5a4ed2.tar.gz
    version: 1.0.0
  original:
    subdir: services/lambda
    url: https://github.com/mbj/stratosphere/archive/e4f5c97814b7a4f73ee9125d4980ccd68b5a4ed2.tar.gz
- completed:
    name: stratosphere-logs
    pantry-tree:
      sha256: 697bc810da47b6fd9ccc73d9d57794a23db06c53bf44d92af20a6e85392ef3f6
      size: 1990
    sha256: 80eb75e2d333363300ad42dd44c67b452906ac66dbb9648ab4d0c963ef1e83d2
    size: 2877978
    subdir: services/logs
    url: https://github.com/mbj/stratosphere/archive/e4f5c97814b7a4f73ee9125d4980ccd68b5a4ed2.tar.gz
    version: 1.0.0
  original:
    subdir: services/logs
    url: https://github.com/mbj/stratosphere/archive/e4f5c97814b7a4f73ee9125d4980ccd68b5a4ed2.tar.gz
- completed:
    name: stratosphere-s3
    pantry-tree:
      sha256: 59c1a0fbd32527e97e58edba45fe5b7e95d1725bee60c20e658e3323307479ad
      size: 19007
    sha256: 80eb75e2d333363300ad42dd44c67b452906ac66dbb9648ab4d0c963ef1e83d2
    size: 2877978
    subdir: services/s3
    url: https://github.com/mbj/stratosphere/archive/e4f5c97814b7a4f73ee9125d4980ccd68b5a4ed2.tar.gz
    version: 1.0.0
  original:
    subdir: services/s3
    url: https://github.com/mbj/stratosphere/archive/e4f5c97814b7a4f73ee9125d4980ccd68b5a4ed2.tar.gz
- completed:
    name: stratosphere-secretsmanager
    pantry-tree:
      sha256: f8a3693025008e2c3620881c28a5b8fee8d77204a6636a4f514cdc50bf84483f
      size: 1408
    sha256: 80eb75e2d333363300ad42dd44c67b452906ac66dbb9648ab4d0c963ef1e83d2
    size: 2877978
    subdir: services/secretsmanager
    url: https://github.com/mbj/stratosphere/archive/e4f5c97814b7a4f73ee9125d4980ccd68b5a4ed2.tar.gz
    version: 1.0.0
  original:
    subdir: services/secretsmanager
    url: https://github.com/mbj/stratosphere/archive/e4f5c97814b7a4f73ee9125d4980ccd68b5a4ed2.tar.gz
- completed:
    name: amazonka
    pantry-tree:
      sha256: 449e5e0777359ebb56ead5fca6aeef5ec4f5bdd82a810ad3ba30432055efaa8b
      size: 1528
    sha256: 95fd96d76c74894b9d2a2553b58934501270f1cf37418a4d42da6e16b46d8cd3
    size: 34732287
    subdir: lib/amazonka
    url: https://github.com/brendanhay/amazonka/archive/30b200d487bccd2568de1257a812a464270d0096.tar.gz
    version: '2.0'
  original:
    subdir: lib/amazonka
    url: https://github.com/brendanhay/amazonka/archive/30b200d487bccd2568de1257a812a464270d0096.tar.gz
- completed:
    name: amazonka-core
    pantry-tree:
      sha256: e560d220c73068da280e8532d27f4cee341c2c05efd2f5d5b1b0336cb24ccb1b
      size: 3222
    sha256: 95fd96d76c74894b9d2a2553b58934501270f1cf37418a4d42da6e16b46d8cd3
    size: 34732287
    subdir: lib/amazonka-core
    url: https://github.com/brendanhay/amazonka/archive/30b200d487bccd2568de1257a812a464270d0096.tar.gz
    version: '2.0'
  original:
    subdir: lib/amazonka-core
    url: https://github.com/brendanhay/amazonka/archive/30b200d487bccd2568de1257a812a464270d0096.tar.gz
- completed:
    name: amazonka-cloudformation
    pantry-tree:
      sha256: 25e860bcbfaba5317b0e5567aceffbb10b7314400437e0f8a999551c0fa2f216
      size: 27257
    sha256: 95fd96d76c74894b9d2a2553b58934501270f1cf37418a4d42da6e16b46d8cd3
    size: 34732287
    subdir: lib/services/amazonka-cloudformation
    url: https://github.com/brendanhay/amazonka/archive/30b200d487bccd2568de1257a812a464270d0096.tar.gz
    version: '2.0'
  original:
    subdir: lib/services/amazonka-cloudformation
    url: https://github.com/brendanhay/amazonka/archive/30b200d487bccd2568de1257a812a464270d0096.tar.gz
- completed:
    name: amazonka-ec2
    pantry-tree:
      sha256: 51aee8c10460ea60030dd9c3ae09dfdd78ae71c20e304f8824ba2275ec16a20d
      size: 234434
    sha256: 95fd96d76c74894b9d2a2553b58934501270f1cf37418a4d42da6e16b46d8cd3
    size: 34732287
    subdir: lib/services/amazonka-ec2
    url: https://github.com/brendanhay/amazonka/archive/30b200d487bccd2568de1257a812a464270d0096.tar.gz
    version: '2.0'
  original:
    subdir: lib/services/amazonka-ec2
    url: https://github.com/brendanhay/amazonka/archive/30b200d487bccd2568de1257a812a464270d0096.tar.gz
- completed:
    name: amazonka-lambda
    pantry-tree:
      sha256: e99dc2ab8f03c47702d3ba13cd416942e2143b4e494136d482749d2d47ee09ac
      size: 21343
    sha256: 95fd96d76c74894b9d2a2553b58934501270f1cf37418a4d42da6e16b46d8cd3
    size: 34732287
    subdir: lib/services/amazonka-lambda
    url: https://github.com/brendanhay/amazonka/archive/30b200d487bccd2568de1257a812a464270d0096.tar.gz
    version: '2.0'
  original:
    subdir: lib/services/amazonka-lambda
    url: https://github.com/brendanhay/amazonka/archive/30b200d487bccd2568de1257a812a464270d0096.tar.gz
- completed:
    name: amazonka-s3
    pantry-tree:
      sha256: 50bb47db3771d94ee26711bad9d91b1dc32e6466a9a580e9333af434728052b1
      size: 38690
    sha256: 95fd96d76c74894b9d2a2553b58934501270f1cf37418a4d42da6e16b46d8cd3
    size: 34732287
    subdir: lib/services/amazonka-s3
    url: https://github.com/brendanhay/amazonka/archive/30b200d487bccd2568de1257a812a464270d0096.tar.gz
    version: '2.0'
  original:
    subdir: lib/services/amazonka-s3
    url: https://github.com/brendanhay/amazonka/archive/30b200d487bccd2568de1257a812a464270d0096.tar.gz
- completed:
    name: amazonka-secretsmanager
    pantry-tree:
      sha256: e3fff44d0288efd08e15cf06fd1f2116519ea626fdddbebd07102839e18dd85f
      size: 7039
    sha256: 95fd96d76c74894b9d2a2553b58934501270f1cf37418a4d42da6e16b46d8cd3
    size: 34732287
    subdir: lib/services/amazonka-secretsmanager
    url: https://github.com/brendanhay/amazonka/archive/30b200d487bccd2568de1257a812a464270d0096.tar.gz
    version: '2.0'
  original:
    subdir: lib/services/amazonka-secretsmanager
    url: https://github.com/brendanhay/amazonka/archive/30b200d487bccd2568de1257a812a464270d0096.tar.gz
- completed:
    name: amazonka-sso
    pantry-tree:
      sha256: f8897d82072d662605f60dc3d18e921c04bbb337b5d7caaeaece36fc8aee7fb9
      size: 1817
    sha256: 95fd96d76c74894b9d2a2553b58934501270f1cf37418a4d42da6e16b46d8cd3
    size: 34732287
    subdir: lib/services/amazonka-sso
    url: https://github.com/brendanhay/amazonka/archive/30b200d487bccd2568de1257a812a464270d0096.tar.gz
    version: '2.0'
  original:
    subdir: lib/services/amazonka-sso
    url: https://github.com/brendanhay/amazonka/archive/30b200d487bccd2568de1257a812a464270d0096.tar.gz
- completed:
    name: amazonka-sts
    pantry-tree:
      sha256: b2a18c0a04c999f9f32e114ad94bf76a89e463dbb16063ebf0899ee28808f898
      size: 2880
    sha256: 95fd96d76c74894b9d2a2553b58934501270f1cf37418a4d42da6e16b46d8cd3
    size: 34732287
    subdir: lib/services/amazonka-sts
    url: https://github.com/brendanhay/amazonka/archive/30b200d487bccd2568de1257a812a464270d0096.tar.gz
    version: '2.0'
  original:
    subdir: lib/services/amazonka-sts
    url: https://github.com/brendanhay/amazonka/archive/30b200d487bccd2568de1257a812a464270d0096.tar.gz
snapshots:
- completed:
    sha256: 08bd13ce621b41a8f5e51456b38d5b46d7783ce114a50ab604d6bbab0d002146
    size: 720271
    url: https://raw.githubusercontent.com/commercialhaskell/stackage-snapshots/master/lts/22/43.yaml
  original: lts-22.43
