# This file was autogenerated by Stack.
# You should not edit this file by hand.
# For more information, please see the documentation at:
#   https://docs.haskellstack.org/en/stable/lock_files

packages:
- completed:
    hackage: tasty-1.3.1@sha256:01e35c97f7ee5ccbc28f21debea02a38cd010d53b4c3087f5677c5d06617a507,2520
    pantry-tree:
      size: 1804
      sha256: 6150ec5094fe321150b1263bc751c1a85b22be766053fb4648115d8c02b2064b
  original:
    hackage: tasty-1.3.1@sha256:01e35c97f7ee5ccbc28f21debea02a38cd010d53b4c3087f5677c5d06617a507,2520
- completed:
    hackage: tasty-mgolden-0.0.1@sha256:07fadb592cde353c386c5f38cff75539a5675e9350776ed6f4f0a70247427a78,4214
    pantry-tree:
      size: 338
      sha256: 9cd24c3a02396dd93ed7d57df1d9668a2377d128e413db5ff89d82ffdfc830fa
  original:
    hackage: tasty-mgolden-0.0.1@sha256:07fadb592cde353c386c5f38cff75539a5675e9350776ed6f4f0a70247427a78,4214
- completed:
    name: cbt
    version: 0.0.1
    git: https://github.com/mbj/cbt
    pantry-tree:
      size: 900
      sha256: 36261779874e888f8582da06689206e0bc6f759f09549e4e71aacc3eee5f44fa
    commit: 51a90eb0a1e18427cab0e481bcef83ff66c39fb3
  original:
    git: https://github.com/mbj/cbt
    commit: 51a90eb0a1e18427cab0e481bcef83ff66c39fb3
- completed:
    name: dbt
    version: 0.0.0.1
    git: https://github.com/mbj/dbt
    pantry-tree:
      size: 932
      sha256: 742e42be80bd993bca4e1e3c2fd19a3339c0cb332083bd7d456441f0955336ea
    commit: eac465e3242cd3a51d7804ed5a361f524d191e7a
  original:
    git: https://github.com/mbj/dbt
    commit: eac465e3242cd3a51d7804ed5a361f524d191e7a
- completed:
    name: devtools
    version: 0.0.0.1
    git: https://github.com/mbj/devtools-hs
    pantry-tree:
      size: 784
      sha256: 06c3122cd2163bf1e1b697ecf34f0efb72dd3b583dcb0c680f77e842101fb2d0
    commit: a584eaaf9291a6211ecb16ca37f9e31ea830c015
  original:
    git: https://github.com/mbj/devtools-hs
    commit: a584eaaf9291a6211ecb16ca37f9e31ea830c015
- completed:
    name: mprelude
    version: 0.0.1
    git: https://github.com/mbj/mprelude
    pantry-tree:
      size: 560
      sha256: 33ed6e3293acda405e0c0310671cefc364295cc8f37e53881c6c2e62b9061038
    commit: 2624d58e5560eb974515f6052737b1a3f674c742
  original:
    git: https://github.com/mbj/mprelude
    commit: 2624d58e5560eb974515f6052737b1a3f674c742
- completed:
    name: source-constraints
    version: 0.0.1
    git: https://github.com/mbj/source-constraints
    pantry-tree:
      size: 1171
      sha256: f14c92ca6e279b5e2d30eecc445a52c96c9ed17da57dbb91a894b4d5d61e4497
    commit: c0eaebc9dc0fdc08f95c3daaf7eeb1ea2010f415
  original:
    git: https://github.com/mbj/source-constraints
    commit: c0eaebc9dc0fdc08f95c3daaf7eeb1ea2010f415
snapshots:
- completed:
    size: 496112
    url: https://raw.githubusercontent.com/commercialhaskell/stackage-snapshots/master/lts/15/13.yaml
    sha256: 75a1a0f870e1876898b117b0e443f911b3fa2985bfabb53158c81ab5765beda5
  original: lts-15.13
