# This file was autogenerated by Stack.
# You should not edit this file by hand.
# For more information, please see the documentation at:
#   https://docs.haskellstack.org/en/stable/lock_files

packages:
- completed:
    hackage: amazonka-secretsmanager-2.0@sha256:de4b8b2e1d5d0743dda1eb85c8be96897ab6ccf5aa62494d2d6318d869a49d42,4473
    pantry-tree:
      sha256: aa576fda0382f75e7f7e632a270754d875e41b5099851a1d8ab176cef56c7b50
      size: 7039
  original:
    hackage: amazonka-secretsmanager-2.0@sha256:de4b8b2e1d5d0743dda1eb85c8be96897ab6ccf5aa62494d2d6318d869a49d42,4473
- completed:
    name: stratosphere
    pantry-tree:
      sha256: 9461aaaf7e8baccf8d129720126179caaee6420d56e34152154689f4c2d847ae
      size: 1526810
    sha256: 74ab541d3bfa92fac0c8cda380f3fe2de4cb37dafd78b5c9f2506744d53f36d3
    size: 2937014
    subdir: .
    url: https://github.com/mbj/stratosphere/archive/d1b638820ca9fd90f7d5afba535415da47252af5.tar.gz
    version: 1.0.0
  original:
    subdir: .
    url: https://github.com/mbj/stratosphere/archive/d1b638820ca9fd90f7d5afba535415da47252af5.tar.gz
- completed:
    name: stratosphere-cloudwatch
    pantry-tree:
      sha256: bc872304641517499210bdbd2db774c4c450e54ccd15b66bcd593ee9cd629c60
      size: 4353
    sha256: 74ab541d3bfa92fac0c8cda380f3fe2de4cb37dafd78b5c9f2506744d53f36d3
    size: 2937014
    subdir: services/cloudwatch
    url: https://github.com/mbj/stratosphere/archive/d1b638820ca9fd90f7d5afba535415da47252af5.tar.gz
    version: 1.0.0
  original:
    subdir: services/cloudwatch
    url: https://github.com/mbj/stratosphere/archive/d1b638820ca9fd90f7d5afba535415da47252af5.tar.gz
- completed:
    name: stratosphere-ecs
    pantry-tree:
      sha256: 6dbadbe1590fc976c5cde85f0cb18e57e2a0bae958ff447d3e557018d099dfa8
      size: 13226
    sha256: 74ab541d3bfa92fac0c8cda380f3fe2de4cb37dafd78b5c9f2506744d53f36d3
    size: 2937014
    subdir: services/ecs
    url: https://github.com/mbj/stratosphere/archive/d1b638820ca9fd90f7d5afba535415da47252af5.tar.gz
    version: 1.0.0
  original:
    subdir: services/ecs
    url: https://github.com/mbj/stratosphere/archive/d1b638820ca9fd90f7d5afba535415da47252af5.tar.gz
- completed:
    name: stratosphere-events
    pantry-tree:
      sha256: a217cd6621badf38605e09ce7497709aa4f0a5652bf3c7f58bac329e82438fcf
      size: 8137
    sha256: 74ab541d3bfa92fac0c8cda380f3fe2de4cb37dafd78b5c9f2506744d53f36d3
    size: 2937014
    subdir: services/events
    url: https://github.com/mbj/stratosphere/archive/d1b638820ca9fd90f7d5afba535415da47252af5.tar.gz
    version: 1.0.0
  original:
    subdir: services/events
    url: https://github.com/mbj/stratosphere/archive/d1b638820ca9fd90f7d5afba535415da47252af5.tar.gz
- completed:
    name: stratosphere-iam
    pantry-tree:
      sha256: da1e34b72e68f1aef0fbca8680ed1c623def45c6ed2feac25815933d17c86dcb
      size: 1815
    sha256: 74ab541d3bfa92fac0c8cda380f3fe2de4cb37dafd78b5c9f2506744d53f36d3
    size: 2937014
    subdir: services/iam
    url: https://github.com/mbj/stratosphere/archive/d1b638820ca9fd90f7d5afba535415da47252af5.tar.gz
    version: 1.0.0
  original:
    subdir: services/iam
    url: https://github.com/mbj/stratosphere/archive/d1b638820ca9fd90f7d5afba535415da47252af5.tar.gz
- completed:
    name: stratosphere-lambda
    pantry-tree:
      sha256: 1e554f32ec0f522724f15185d7f1c714f39c40e72a4b533c1aae4ca6b309a7dc
      size: 8043
    sha256: 74ab541d3bfa92fac0c8cda380f3fe2de4cb37dafd78b5c9f2506744d53f36d3
    size: 2937014
    subdir: services/lambda
    url: https://github.com/mbj/stratosphere/archive/d1b638820ca9fd90f7d5afba535415da47252af5.tar.gz
    version: 1.0.0
  original:
    subdir: services/lambda
    url: https://github.com/mbj/stratosphere/archive/d1b638820ca9fd90f7d5afba535415da47252af5.tar.gz
- completed:
    name: stratosphere-logs
    pantry-tree:
      sha256: 9ec2b117d4ea936052e9756fcfcfcb4b804ca52cfb4ada53500b8fd2ef53f72e
      size: 1083
    sha256: 74ab541d3bfa92fac0c8cda380f3fe2de4cb37dafd78b5c9f2506744d53f36d3
    size: 2937014
    subdir: services/logs
    url: https://github.com/mbj/stratosphere/archive/d1b638820ca9fd90f7d5afba535415da47252af5.tar.gz
    version: 1.0.0
  original:
    subdir: services/logs
    url: https://github.com/mbj/stratosphere/archive/d1b638820ca9fd90f7d5afba535415da47252af5.tar.gz
- completed:
    name: stratosphere-s3
    pantry-tree:
      sha256: 25ea8cac5e9c4400b433f3ff8b2d26174b0ae3e78db8b03f3f9cdf24737620a7
      size: 16418
    sha256: 74ab541d3bfa92fac0c8cda380f3fe2de4cb37dafd78b5c9f2506744d53f36d3
    size: 2937014
    subdir: services/s3
    url: https://github.com/mbj/stratosphere/archive/d1b638820ca9fd90f7d5afba535415da47252af5.tar.gz
    version: 1.0.0
  original:
    subdir: services/s3
    url: https://github.com/mbj/stratosphere/archive/d1b638820ca9fd90f7d5afba535415da47252af5.tar.gz
- completed:
    name: stratosphere-secretsmanager
    pantry-tree:
      sha256: 2fee0eb9db2c3d6b02bf0eada7ed492f28c1bde89ad4383af3ccd2292f7e6e6d
      size: 1408
    sha256: 74ab541d3bfa92fac0c8cda380f3fe2de4cb37dafd78b5c9f2506744d53f36d3
    size: 2937014
    subdir: services/secretsmanager
    url: https://github.com/mbj/stratosphere/archive/d1b638820ca9fd90f7d5afba535415da47252af5.tar.gz
    version: 1.0.0
  original:
    subdir: services/secretsmanager
    url: https://github.com/mbj/stratosphere/archive/d1b638820ca9fd90f7d5afba535415da47252af5.tar.gz
snapshots:
- completed:
    sha256: 629fdd46125079fa6d355106005b2ab88bd39332169dd416fda06d5c0aaa63e2
    size: 713332
    url: https://raw.githubusercontent.com/commercialhaskell/stackage-snapshots/master/lts/22/17.yaml
  original: lts-22.17
