# This file was autogenerated by Stack.
# You should not edit this file by hand.
# For more information, please see the documentation at:
#   https://docs.haskellstack.org/en/stable/lock_files

packages:
- completed:
    hackage: hasql-th-0.4.0.9@sha256:56515d8d08d4c68e36899a46624ecd1505608cf6b4c24b5c33aee54bc76e6275,2245
    pantry-tree:
      size: 864
      sha256: 0c895bf03caf2c77e8a314bcd08dae41fe0eaadbcaf9ce92de9b1538067f3347
  original:
    hackage: hasql-th-0.4.0.9@sha256:56515d8d08d4c68e36899a46624ecd1505608cf6b4c24b5c33aee54bc76e6275,2245
- completed:
    hackage: headed-megaparsec-0.2.0.1@sha256:4bb2f1e68d2972e6b40ede202708c81b2e2fe83c454e439f27f47d1fdf7c8697,1571
    pantry-tree:
      size: 383
      sha256: 9c5bb405d2b708e128b1206b09f86aeed9b9a6689c6391e66d39dcfa0924638d
  original:
    hackage: headed-megaparsec-0.2.0.1@sha256:4bb2f1e68d2972e6b40ede202708c81b2e2fe83c454e439f27f47d1fdf7c8697,1571
- completed:
    hackage: megaparsec-9.1.0@sha256:0e9bd4714f3682b99d447f05553eda25590c15d7f2108222f62010e844c58ac0,3107
    pantry-tree:
      size: 1447
      sha256: 4b96e8eacd375ea700be86bbbc0d1ae198655120db158601763e19e23dee5946
  original:
    hackage: megaparsec-9.1.0@sha256:0e9bd4714f3682b99d447f05553eda25590c15d7f2108222f62010e844c58ac0,3107
- completed:
    hackage: postgresql-syntax-0.4@sha256:df8b65a33f4088eddad25cedbec814e5f34f8e8ae55065139b73bd6da0d66f21,4176
    pantry-tree:
      size: 1227
      sha256: 1942e3259b02a2546bf1fc6fe7f956cbcce724f29c3feea8698ab90a465e499a
  original:
    hackage: postgresql-syntax-0.4@sha256:df8b65a33f4088eddad25cedbec814e5f34f8e8ae55065139b73bd6da0d66f21,4176
- completed:
    hackage: symbols-0.3.0.0@sha256:5d051bccbd4bcb33fa8ce076bd3cd2bacc90973682f7340976758947eaa128a9,964
    pantry-tree:
      size: 529
      sha256: 06746077732f4d49d3277821303292314d51df9a63efecd47217fc0946233026
  original:
    hackage: symbols-0.3.0.0@sha256:5d051bccbd4bcb33fa8ce076bd3cd2bacc90973682f7340976758947eaa128a9,964
- completed:
    hackage: stratosphere-0.58.0@sha256:f87e078696a13eaf35c08ef694803b3744d36ceeea4eecd6ac712577a9438245,142880
    pantry-tree:
      size: 239498
      sha256: db619e09c6b8caf52ffbb91cfd4ed609c738d7042eb88d8a7082c17b1b3ffae0
  original:
    hackage: stratosphere-0.58.0@sha256:f87e078696a13eaf35c08ef694803b3744d36ceeea4eecd6ac712577a9438245,142880
- completed:
    subdir: amazonka
    name: amazonka
    version: 1.6.1
    git: https://github.com/brendanhay/amazonka
    pantry-tree:
      size: 1038
      sha256: 59c7840fe6c9609d1d5022149010e72db5778e4978b9384b6dee8a4a207c96b3
    commit: 020bc7bde47bb235e448c76088dc44d6cec13e9b
  original:
    subdir: amazonka
    git: https://github.com/brendanhay/amazonka
    commit: 020bc7bde47bb235e448c76088dc44d6cec13e9b
- completed:
    subdir: core
    name: amazonka-core
    version: 1.6.1
    git: https://github.com/brendanhay/amazonka
    pantry-tree:
      size: 3484
      sha256: dbd45ae65d2df195ac670bed949d98ab3764bf5c691594c861337d8228ccc9fb
    commit: 020bc7bde47bb235e448c76088dc44d6cec13e9b
  original:
    subdir: core
    git: https://github.com/brendanhay/amazonka
    commit: 020bc7bde47bb235e448c76088dc44d6cec13e9b
- completed:
    subdir: amazonka-cloudformation
    name: amazonka-cloudformation
    version: 1.6.1
    git: https://github.com/mbj/amazonka
    pantry-tree:
      size: 10760
      sha256: 84a348ddd543a8878c9f9a0525f6ea1a6affc7bc0e1c0bc62c9ea946a648c066
    commit: 33aa6b71309793829b534fb29f6532d71c32b106
  original:
    subdir: amazonka-cloudformation
    git: https://github.com/mbj/amazonka
    commit: 33aa6b71309793829b534fb29f6532d71c32b106
snapshots:
- completed:
    size: 586041
    url: https://raw.githubusercontent.com/commercialhaskell/stackage-snapshots/master/lts/18/12.yaml
    sha256: 80fc6391195ff00c36f2a605ecbb07de909bfaa2eaa9722a27e486a6ecf8ecb0
  original: lts-18.12
