# This file was autogenerated by Stack.
# You should not edit this file by hand.
# For more information, please see the documentation at:
#   https://docs.haskellstack.org/en/stable/lock_files

packages:
- completed:
    hackage: tasty-1.3.1@sha256:01e35c97f7ee5ccbc28f21debea02a38cd010d53b4c3087f5677c5d06617a507,2520
    pantry-tree:
      size: 1804
      sha256: 6150ec5094fe321150b1263bc751c1a85b22be766053fb4648115d8c02b2064b
  original:
    hackage: tasty-1.3.1@sha256:01e35c97f7ee5ccbc28f21debea02a38cd010d53b4c3087f5677c5d06617a507,2520
snapshots:
- completed:
    size: 531498
    url: https://raw.githubusercontent.com/commercialhaskell/stackage-snapshots/master/nightly/2020/9/21.yaml
    sha256: fee82af82cac92753472be9cf22fc726f311e450d4640f99c420019eca649ffc
  original: nightly-2020-09-21
