# This file was autogenerated by Stack.
# You should not edit this file by hand.
# For more information, please see the documentation at:
#   https://docs.haskellstack.org/en/stable/lock_files

packages:
- completed:
    hackage: amazonka-1.6.1@sha256:d863557379350ed6bbb91187abeb8c349a654f60b140d138710486f58ae7c476,3536
    pantry-tree:
      size: 992
      sha256: 55747f9b56063ea1be73a962e1ce44528b9856e119e2d9f1238397b3112b6e70
  original:
    hackage: amazonka-1.6.1@sha256:d863557379350ed6bbb91187abeb8c349a654f60b140d138710486f58ae7c476,3536
- completed:
    hackage: amazonka-core-1.6.1@sha256:9bc59ce403c6eeba3b3eaf3f10e5f0b6a33b6edbbf8f6de0dd6f4c67b86fa698,5135
    pantry-tree:
      size: 3438
      sha256: c13e643176308771491ec0e06390e269047bb1b28be4535992842f7426a95eb4
  original:
    hackage: amazonka-core-1.6.1@sha256:9bc59ce403c6eeba3b3eaf3f10e5f0b6a33b6edbbf8f6de0dd6f4c67b86fa698,5135
- completed:
    hackage: stratosphere-0.48.0@sha256:a6f96c30abd840f9b63bd8f9eae5f0fd5a35503cccf2a9ffa826eba98fe4c45b,117293
    pantry-tree:
      size: 196284
      sha256: dbf9eafe49701ab0a234413eb46eaf54b76d64993dc74d685ed63268e2bb024d
  original:
    hackage: stratosphere-0.48.0@sha256:a6f96c30abd840f9b63bd8f9eae5f0fd5a35503cccf2a9ffa826eba98fe4c45b,117293
- completed:
    subdir: amazonka-cloudformation
    name: amazonka-cloudformation
    version: 1.6.1
    git: https://github.com/mbj/amazonka
    pantry-tree:
      size: 10760
      sha256: 84a348ddd543a8878c9f9a0525f6ea1a6affc7bc0e1c0bc62c9ea946a648c066
    commit: 33aa6b71309793829b534fb29f6532d71c32b106
  original:
    subdir: amazonka-cloudformation
    git: https://github.com/mbj/amazonka
    commit: 33aa6b71309793829b534fb29f6532d71c32b106
- completed:
    name: devtools
    version: 0.0.0.1
    git: https://github.com/mbj/devtools-hs
    pantry-tree:
      size: 735
      sha256: 5bcc213530b4dc66fd3eccaaee8014a75414d645c83148fba0d12af2459b5945
    commit: b758778b0097eb3580a3d4ab6c02dce2db61cd08
  original:
    git: https://github.com/mbj/devtools-hs
    commit: b758778b0097eb3580a3d4ab6c02dce2db61cd08
- completed:
    name: mprelude
    version: 0.0.1
    git: https://github.com/mbj/mprelude
    pantry-tree:
      size: 560
      sha256: 33ed6e3293acda405e0c0310671cefc364295cc8f37e53881c6c2e62b9061038
    commit: 2624d58e5560eb974515f6052737b1a3f674c742
  original:
    git: https://github.com/mbj/mprelude
    commit: 2624d58e5560eb974515f6052737b1a3f674c742
- completed:
    name: source-constraints
    version: 0.0.1
    git: https://github.com/mbj/source-constraints
    pantry-tree:
      size: 1170
      sha256: ac0264015a7d5f14873f06393b7db6c985529f9afdef15c6319c999cf398b7cd
    commit: 6957db606a5a4906b9e55af4e803859d19900478
  original:
    git: https://github.com/mbj/source-constraints
    commit: 6957db606a5a4906b9e55af4e803859d19900478
- completed:
    subdir: core
    name: tasty
    version: 1.2.3
    git: https://github.com/mbj/tasty
    pantry-tree:
      size: 1793
      sha256: 9a78c93658061fa5d6d1655faf5532d64abe61c1f7eed389ddc61d922525761a
    commit: 6b884dc97902feaf6e81ad46f3cc905eb122e5d6
  original:
    subdir: core
    git: https://github.com/mbj/tasty
    commit: 6b884dc97902feaf6e81ad46f3cc905eb122e5d6
- completed:
    name: tasty-mgolden
    version: 0.0.0.1
    git: https://github.com/mbj/tasty-mgolden
    pantry-tree:
      size: 614
      sha256: 6b61b18e32b308e153f836600cf3f038d06a0d01d3bf3e23fd8d6d244a3bacc4
    commit: 3bdcddb38d1d2005a205fb4c1d35e88bc3f3f432
  original:
    git: https://github.com/mbj/tasty-mgolden
    commit: 3bdcddb38d1d2005a205fb4c1d35e88bc3f3f432
snapshots:
- completed:
    size: 494635
    url: https://raw.githubusercontent.com/commercialhaskell/stackage-snapshots/master/lts/15/12.yaml
    sha256: a71c4293d8f461f455ff0d9815dfe4ab2f1adacd7e0bbc9a218f46ced8c4929a
  original: lts-15.12
