# This file was autogenerated by Stack.
# You should not edit this file by hand.
# For more information, please see the documentation at:
#   https://docs.haskellstack.org/en/stable/lock_files

packages:
- completed:
    hackage: symbols-0.3.0.0@sha256:5d051bccbd4bcb33fa8ce076bd3cd2bacc90973682f7340976758947eaa128a9,964
    pantry-tree:
      sha256: 06746077732f4d49d3277821303292314d51df9a63efecd47217fc0946233026
      size: 529
  original:
    hackage: symbols-0.3.0.0@sha256:5d051bccbd4bcb33fa8ce076bd3cd2bacc90973682f7340976758947eaa128a9,964
- completed:
    name: amazonka
    pantry-tree:
      sha256: 2702cdbccc58aaedfd12b0ef7d1cae769f4f132e225b90d300e34a422a29015d
      size: 1318
    sha256: b12087ce6deaa02af1a694606e3c7feae8292526ba022d73b92918a3a1545ef1
    size: 32808709
    subdir: lib/amazonka
    url: https://github.com/brendanhay/amazonka/archive/17e377b1e0aa734e10897347ea94a0ed93896e92.tar.gz
    version: '2.0'
  original:
    subdir: lib/amazonka
    url: https://github.com/brendanhay/amazonka/archive/17e377b1e0aa734e10897347ea94a0ed93896e92.tar.gz
- completed:
    name: amazonka-core
    pantry-tree:
      sha256: a5f2e22021962f5aea5d1ed82ef12b950e00792c383f9639a99b6ec049e95b16
      size: 3192
    sha256: b12087ce6deaa02af1a694606e3c7feae8292526ba022d73b92918a3a1545ef1
    size: 32808709
    subdir: lib/amazonka-core
    url: https://github.com/brendanhay/amazonka/archive/17e377b1e0aa734e10897347ea94a0ed93896e92.tar.gz
    version: '2.0'
  original:
    subdir: lib/amazonka-core
    url: https://github.com/brendanhay/amazonka/archive/17e377b1e0aa734e10897347ea94a0ed93896e92.tar.gz
- completed:
    name: amazonka-cloudformation
    pantry-tree:
      sha256: 71ab70b160500e99f542b74f7fbad64f40ec5091ffcd9eeec0443addd408244d
      size: 27000
    sha256: b12087ce6deaa02af1a694606e3c7feae8292526ba022d73b92918a3a1545ef1
    size: 32808709
    subdir: lib/services/amazonka-cloudformation
    url: https://github.com/brendanhay/amazonka/archive/17e377b1e0aa734e10897347ea94a0ed93896e92.tar.gz
    version: '2.0'
  original:
    subdir: lib/services/amazonka-cloudformation
    url: https://github.com/brendanhay/amazonka/archive/17e377b1e0aa734e10897347ea94a0ed93896e92.tar.gz
- completed:
    name: amazonka-s3
    pantry-tree:
      sha256: 96bbfcae6986d3b9214a6989e3dfdf928c2255eac4fe67f8394c716c5d51a883
      size: 38742
    sha256: b12087ce6deaa02af1a694606e3c7feae8292526ba022d73b92918a3a1545ef1
    size: 32808709
    subdir: lib/services/amazonka-s3
    url: https://github.com/brendanhay/amazonka/archive/17e377b1e0aa734e10897347ea94a0ed93896e92.tar.gz
    version: '2.0'
  original:
    subdir: lib/services/amazonka-s3
    url: https://github.com/brendanhay/amazonka/archive/17e377b1e0aa734e10897347ea94a0ed93896e92.tar.gz
- completed:
    name: amazonka-sso
    pantry-tree:
      sha256: 2643a420ad4064894505bc0ee0d18c13414fc0bee2c9cdf692715833567ea216
      size: 1869
    sha256: b12087ce6deaa02af1a694606e3c7feae8292526ba022d73b92918a3a1545ef1
    size: 32808709
    subdir: lib/services/amazonka-sso
    url: https://github.com/brendanhay/amazonka/archive/17e377b1e0aa734e10897347ea94a0ed93896e92.tar.gz
    version: '2.0'
  original:
    subdir: lib/services/amazonka-sso
    url: https://github.com/brendanhay/amazonka/archive/17e377b1e0aa734e10897347ea94a0ed93896e92.tar.gz
- completed:
    name: amazonka-sts
    pantry-tree:
      sha256: 64207fd75b14e7591bd1de2fb18878d454b73e352e0c7ea79dba6e384e023079
      size: 2932
    sha256: b12087ce6deaa02af1a694606e3c7feae8292526ba022d73b92918a3a1545ef1
    size: 32808709
    subdir: lib/services/amazonka-sts
    url: https://github.com/brendanhay/amazonka/archive/17e377b1e0aa734e10897347ea94a0ed93896e92.tar.gz
    version: '2.0'
  original:
    subdir: lib/services/amazonka-sts
    url: https://github.com/brendanhay/amazonka/archive/17e377b1e0aa734e10897347ea94a0ed93896e92.tar.gz
- completed:
    name: stratosphere
    pantry-tree:
      sha256: 5b56506ebd04c8bdf61e803e0a6049547ca0cb49fed4f6c877e01bb2725caca5
      size: 1112169
    sha256: 2f2cd065af1071679630bb4de341ad8c4c30cb130d7527a5730e4252127c9d83
    size: 2244006
    subdir: .
    url: https://github.com/mbj/stratosphere/archive/7c462f2de4369a76df22d4b34b2f3a9e7754c731.tar.gz
    version: 1.0.0
  original:
    subdir: .
    url: https://github.com/mbj/stratosphere/archive/7c462f2de4369a76df22d4b34b2f3a9e7754c731.tar.gz
- completed:
    name: stratosphere-ecs
    pantry-tree:
      sha256: 6ee6b94c54497bf2603f9cb30cec6bfd4bdf3cee918274eb4e588918da063226
      size: 13226
    sha256: 2f2cd065af1071679630bb4de341ad8c4c30cb130d7527a5730e4252127c9d83
    size: 2244006
    subdir: services/ecs
    url: https://github.com/mbj/stratosphere/archive/7c462f2de4369a76df22d4b34b2f3a9e7754c731.tar.gz
    version: 1.0.0
  original:
    subdir: services/ecs
    url: https://github.com/mbj/stratosphere/archive/7c462f2de4369a76df22d4b34b2f3a9e7754c731.tar.gz
- completed:
    name: stratosphere-lambda
    pantry-tree:
      sha256: f2f2a0451aec3656bc2b4571a08fd8fab156cc483bc65e44a4040e156cbc772e
      size: 7795
    sha256: 2f2cd065af1071679630bb4de341ad8c4c30cb130d7527a5730e4252127c9d83
    size: 2244006
    subdir: services/lambda
    url: https://github.com/mbj/stratosphere/archive/7c462f2de4369a76df22d4b34b2f3a9e7754c731.tar.gz
    version: 1.0.0
  original:
    subdir: services/lambda
    url: https://github.com/mbj/stratosphere/archive/7c462f2de4369a76df22d4b34b2f3a9e7754c731.tar.gz
- completed:
    name: stratosphere-s3
    pantry-tree:
      sha256: 4d1a621d3adef87f2b808a59ea318ae041927e42cbd073489b7871ca3722b200
      size: 16613
    sha256: 2f2cd065af1071679630bb4de341ad8c4c30cb130d7527a5730e4252127c9d83
    size: 2244006
    subdir: services/s3
    url: https://github.com/mbj/stratosphere/archive/7c462f2de4369a76df22d4b34b2f3a9e7754c731.tar.gz
    version: 1.0.0
  original:
    subdir: services/s3
    url: https://github.com/mbj/stratosphere/archive/7c462f2de4369a76df22d4b34b2f3a9e7754c731.tar.gz
snapshots:
- completed:
    sha256: 440ac8e798b5384646296f8c7f622dca92d4675a75d42f9178a666552534f2b5
    size: 629112
    url: https://raw.githubusercontent.com/commercialhaskell/stackage-snapshots/master/nightly/2023/5/12.yaml
  original: nightly-2023-05-12
