# This file was autogenerated by Stack.
# You should not edit this file by hand.
# For more information, please see the documentation at:
#   https://docs.haskellstack.org/en/stable/lock_files

packages:
- completed:
    hackage: amazonka-1.6.1@sha256:d863557379350ed6bbb91187abeb8c349a654f60b140d138710486f58ae7c476,3536
    pantry-tree:
      size: 992
      sha256: 55747f9b56063ea1be73a962e1ce44528b9856e119e2d9f1238397b3112b6e70
  original:
    hackage: amazonka-1.6.1@sha256:d863557379350ed6bbb91187abeb8c349a654f60b140d138710486f58ae7c476,3536
- completed:
    hackage: amazonka-core-1.6.1@sha256:9bc59ce403c6eeba3b3eaf3f10e5f0b6a33b6edbbf8f6de0dd6f4c67b86fa698,5135
    pantry-tree:
      size: 3438
      sha256: c13e643176308771491ec0e06390e269047bb1b28be4535992842f7426a95eb4
  original:
    hackage: amazonka-core-1.6.1@sha256:9bc59ce403c6eeba3b3eaf3f10e5f0b6a33b6edbbf8f6de0dd6f4c67b86fa698,5135
- completed:
    hackage: stratosphere-0.48.0@sha256:a6f96c30abd840f9b63bd8f9eae5f0fd5a35503cccf2a9ffa826eba98fe4c45b,117293
    pantry-tree:
      size: 196284
      sha256: dbf9eafe49701ab0a234413eb46eaf54b76d64993dc74d685ed63268e2bb024d
  original:
    hackage: stratosphere-0.48.0@sha256:a6f96c30abd840f9b63bd8f9eae5f0fd5a35503cccf2a9ffa826eba98fe4c45b,117293
- completed:
    subdir: amazonka-cloudformation
    name: amazonka-cloudformation
    version: 1.6.1
    git: https://github.com/mbj/amazonka
    pantry-tree:
      size: 10760
      sha256: 84a348ddd543a8878c9f9a0525f6ea1a6affc7bc0e1c0bc62c9ea946a648c066
    commit: 33aa6b71309793829b534fb29f6532d71c32b106
  original:
    subdir: amazonka-cloudformation
    git: https://github.com/mbj/amazonka
    commit: 33aa6b71309793829b534fb29f6532d71c32b106
- completed:
    subdir: core
    name: tasty
    version: 1.2.3
    git: https://github.com/mbj/tasty
    pantry-tree:
      size: 1793
      sha256: 60bd79f25631f11cf3ae92f3098332efbded183c3cb62af5950e204f4357856e
    commit: ff484ef812277ad27a9c9449b4597be30c845b13
  original:
    subdir: core
    git: https://github.com/mbj/tasty
    commit: ff484ef812277ad27a9c9449b4597be30c845b13
snapshots:
- completed:
    size: 524786
    url: https://raw.githubusercontent.com/commercialhaskell/stackage-snapshots/master/lts/14/11.yaml
    sha256: 088bb91b545839510a41ae92fa5feb36779ef3529571a42bd12b9f51eb89ded3
  original: lts-14.11
