# This file was autogenerated by Stack.
# You should not edit this file by hand.
# For more information, please see the documentation at:
#   https://docs.haskellstack.org/en/stable/lock_files

packages:
- completed:
    hackage: http-client-0.6.4.1@sha256:ea569e3ebc00e7bb68162fbdf85aa63e653b974eaff63df7b972e4296687e25c,5322
    pantry-tree:
      size: 2458
      sha256: 8e6ebf17ad06cca8bdab0c2ceda13ed41dea0d793f1930f90f0542f9c66afff1
  original:
    hackage: http-client-0.6.4.1@sha256:ea569e3ebc00e7bb68162fbdf85aa63e653b974eaff63df7b972e4296687e25c,5322
- completed:
    hackage: stratosphere-0.58.0@sha256:f87e078696a13eaf35c08ef694803b3744d36ceeea4eecd6ac712577a9438245,142880
    pantry-tree:
      size: 239498
      sha256: db619e09c6b8caf52ffbb91cfd4ed609c738d7042eb88d8a7082c17b1b3ffae0
  original:
    hackage: stratosphere-0.58.0@sha256:f87e078696a13eaf35c08ef694803b3744d36ceeea4eecd6ac712577a9438245,142880
- completed:
    hackage: symbols-0.3.0.0@sha256:5d051bccbd4bcb33fa8ce076bd3cd2bacc90973682f7340976758947eaa128a9,964
    pantry-tree:
      size: 529
      sha256: 06746077732f4d49d3277821303292314d51df9a63efecd47217fc0946233026
  original:
    hackage: symbols-0.3.0.0@sha256:5d051bccbd4bcb33fa8ce076bd3cd2bacc90973682f7340976758947eaa128a9,964
- completed:
    hackage: tasty-1.3.1@sha256:01e35c97f7ee5ccbc28f21debea02a38cd010d53b4c3087f5677c5d06617a507,2520
    pantry-tree:
      size: 1804
      sha256: 6150ec5094fe321150b1263bc751c1a85b22be766053fb4648115d8c02b2064b
  original:
    hackage: tasty-1.3.1@sha256:01e35c97f7ee5ccbc28f21debea02a38cd010d53b4c3087f5677c5d06617a507,2520
- completed:
    subdir: amazonka
    name: amazonka
    version: 1.6.1
    git: https://github.com/brendanhay/amazonka
    pantry-tree:
      size: 1038
      sha256: 59c7840fe6c9609d1d5022149010e72db5778e4978b9384b6dee8a4a207c96b3
    commit: 020bc7bde47bb235e448c76088dc44d6cec13e9b
  original:
    subdir: amazonka
    git: https://github.com/brendanhay/amazonka
    commit: 020bc7bde47bb235e448c76088dc44d6cec13e9b
- completed:
    subdir: amazonka-s3
    name: amazonka-s3
    version: 1.6.1
    git: https://github.com/brendanhay/amazonka
    pantry-tree:
      size: 18431
      sha256: a19d02da301bbcad502e6092d7418a59543747c8bb6f12932bcbc4606f7814ab
    commit: 020bc7bde47bb235e448c76088dc44d6cec13e9b
  original:
    subdir: amazonka-s3
    git: https://github.com/brendanhay/amazonka
    commit: 020bc7bde47bb235e448c76088dc44d6cec13e9b
- completed:
    subdir: core
    name: amazonka-core
    version: 1.6.1
    git: https://github.com/brendanhay/amazonka
    pantry-tree:
      size: 3484
      sha256: dbd45ae65d2df195ac670bed949d98ab3764bf5c691594c861337d8228ccc9fb
    commit: 020bc7bde47bb235e448c76088dc44d6cec13e9b
  original:
    subdir: core
    git: https://github.com/brendanhay/amazonka
    commit: 020bc7bde47bb235e448c76088dc44d6cec13e9b
- completed:
    subdir: amazonka-cloudformation
    name: amazonka-cloudformation
    version: 1.6.1
    git: https://github.com/mbj/amazonka
    pantry-tree:
      size: 10760
      sha256: 84a348ddd543a8878c9f9a0525f6ea1a6affc7bc0e1c0bc62c9ea946a648c066
    commit: 33aa6b71309793829b534fb29f6532d71c32b106
  original:
    subdir: amazonka-cloudformation
    git: https://github.com/mbj/amazonka
    commit: 33aa6b71309793829b534fb29f6532d71c32b106
- completed:
    name: hasql-th
    version: 0.4.0.9
    git: https://github.com/mbj/hasql-th
    pantry-tree:
      size: 919
      sha256: 8f71f28c0fb02e6a9a3b7188cb9a514047d49189deaa72af84473bab080c05d3
    commit: 7a76df01f03651d4b3418038331f0f5235613867
  original:
    git: https://github.com/mbj/hasql-th
    commit: 7a76df01f03651d4b3418038331f0f5235613867
snapshots:
- completed:
    size: 589879
    url: https://raw.githubusercontent.com/commercialhaskell/stackage-snapshots/master/nightly/2021/10/23.yaml
    sha256: 094df4e72337764b5a0a9a8458e00c5d06f24851b3d59e6240fad2ab6f95cc54
  original: nightly-2021-10-23
