# This file was autogenerated by Stack.
# You should not edit this file by hand.
# For more information, please see the documentation at:
#   https://docs.haskellstack.org/en/stable/lock_files

packages:
- completed:
    cabal-file:
      size: 3161
      sha256: 27686d6937738c748cbd601df14ce9ce2f8ebbc7a2719a4149e797bccf430b2d
    name: source-constraints
    version: 0.0.0.1
    git: https://github.com/schirp-dso/source-constraints
    pantry-tree:
      size: 914
      sha256: 0720f9efebe01a5b7bc8e26e091fd26149015e8038d7c076d76d14fff6a1bb2f
    commit: c64f467f455f0632eeeb1efa81fa9739985136ad
  original:
    git: https://github.com/schirp-dso/source-constraints
    commit: c64f467f455f0632eeeb1efa81fa9739985136ad
- completed:
    cabal-file:
      size: 2328
      sha256: d0f169b9149e3b35fffad7892018955e1f6682bb2b50706b710329b18715e782
    name: mprelude
    version: 0.0.0.1
    git: https://github.com/mbj/mprelude
    pantry-tree:
      size: 368
      sha256: e9a87046c7b161180f85d5be82f49d3ee0e50fe20cf07ee62b83a86b459d44d9
    commit: 792cda1dc3e51253264aa76eb984b932d428c683
  original:
    git: https://github.com/mbj/mprelude
    commit: 792cda1dc3e51253264aa76eb984b932d428c683
snapshots:
- completed:
    size: 499889
    url: https://raw.githubusercontent.com/commercialhaskell/stackage-snapshots/master/lts/13/26.yaml
    sha256: ecb02ee16829df8d7219e7d7fe6c310819820bf335b0b9534bce84d3ea896684
  original: lts-13.26
