# This file was autogenerated by Stack.
# You should not edit this file by hand.
# For more information, please see the documentation at:
#   https://docs.haskellstack.org/en/stable/lock_files

packages:
- completed:
    hackage: tasty-1.3.1@sha256:01e35c97f7ee5ccbc28f21debea02a38cd010d53b4c3087f5677c5d06617a507,2520
    pantry-tree:
      size: 1804
      sha256: 6150ec5094fe321150b1263bc751c1a85b22be766053fb4648115d8c02b2064b
  original:
    hackage: tasty-1.3.1@sha256:01e35c97f7ee5ccbc28f21debea02a38cd010d53b4c3087f5677c5d06617a507,2520
- completed:
    hackage: tasty-mgolden-0.0.1@sha256:07fadb592cde353c386c5f38cff75539a5675e9350776ed6f4f0a70247427a78,4214
    pantry-tree:
      size: 338
      sha256: 9cd24c3a02396dd93ed7d57df1d9668a2377d128e413db5ff89d82ffdfc830fa
  original:
    hackage: tasty-mgolden-0.0.1@sha256:07fadb592cde353c386c5f38cff75539a5675e9350776ed6f4f0a70247427a78,4214
- completed:
    name: devtools
    version: 0.0.0.1
    git: https://github.com/mbj/devtools-hs
    pantry-tree:
      size: 784
      sha256: 06c3122cd2163bf1e1b697ecf34f0efb72dd3b583dcb0c680f77e842101fb2d0
    commit: a584eaaf9291a6211ecb16ca37f9e31ea830c015
  original:
    git: https://github.com/mbj/devtools-hs
    commit: a584eaaf9291a6211ecb16ca37f9e31ea830c015
snapshots:
- completed:
    size: 496112
    url: https://raw.githubusercontent.com/commercialhaskell/stackage-snapshots/master/lts/15/13.yaml
    sha256: 75a1a0f870e1876898b117b0e443f911b3fa2985bfabb53158c81ab5765beda5
  original: lts-15.13
