# This file was autogenerated by Stack.
# You should not edit this file by hand.
# For more information, please see the documentation at:
#   https://docs.haskellstack.org/en/stable/lock_files

packages:
- completed:
    name: mprelude
    version: 0.2.1
    git: https://github.com/mbj/mprelude
    pantry-tree:
      size: 875
      sha256: 1fdd54a5eca26f3a3540f67e0e49e4bbb9e19ea33271f999498b431d971d3403
    commit: 436804ee20e26617f42d156d944ef63f396857a4
  original:
    git: https://github.com/mbj/mprelude
    commit: 436804ee20e26617f42d156d944ef63f396857a4
- completed:
    hackage: source-constraints-0.0.2@sha256:5746921c48cde021cd9120fc917dd21768fa6f3716f9d09fc847cac3c6f5d4e4,3103
    pantry-tree:
      size: 768
      sha256: 028d0fa64e36ef0df8629d4d36339458351d831a43d8d2dd8009600df1203377
  original:
    hackage: source-constraints-0.0.2@sha256:5746921c48cde021cd9120fc917dd21768fa6f3716f9d09fc847cac3c6f5d4e4,3103
- completed:
    hackage: tasty-1.3.1@sha256:01e35c97f7ee5ccbc28f21debea02a38cd010d53b4c3087f5677c5d06617a507,2520
    pantry-tree:
      size: 1804
      sha256: 6150ec5094fe321150b1263bc751c1a85b22be766053fb4648115d8c02b2064b
  original:
    hackage: tasty-1.3.1@sha256:01e35c97f7ee5ccbc28f21debea02a38cd010d53b4c3087f5677c5d06617a507,2520
- completed:
    hackage: tasty-mgolden-0.0.1@sha256:07fadb592cde353c386c5f38cff75539a5675e9350776ed6f4f0a70247427a78,4214
    pantry-tree:
      size: 338
      sha256: 9cd24c3a02396dd93ed7d57df1d9668a2377d128e413db5ff89d82ffdfc830fa
  original:
    hackage: tasty-mgolden-0.0.1@sha256:07fadb592cde353c386c5f38cff75539a5675e9350776ed6f4f0a70247427a78,4214
snapshots:
- completed:
    size: 553330
    url: https://raw.githubusercontent.com/commercialhaskell/stackage-snapshots/master/nightly/2020/11/19.yaml
    sha256: 7ae41d7d9026078cbc28fa535936498eaf604f93b04f9c9c61224312c7f47758
  original: nightly-2020-11-19
