# This file was autogenerated by Stack.
# You should not edit this file by hand.
# For more information, please see the documentation at:
#   https://docs.haskellstack.org/en/stable/lock_files

packages:
- completed:
    name: amazonka
    pantry-tree:
      sha256: 2702cdbccc58aaedfd12b0ef7d1cae769f4f132e225b90d300e34a422a29015d
      size: 1318
    sha256: b12087ce6deaa02af1a694606e3c7feae8292526ba022d73b92918a3a1545ef1
    size: 32808709
    subdir: lib/amazonka
    url: https://github.com/brendanhay/amazonka/archive/17e377b1e0aa734e10897347ea94a0ed93896e92.tar.gz
    version: '2.0'
  original:
    subdir: lib/amazonka
    url: https://github.com/brendanhay/amazonka/archive/17e377b1e0aa734e10897347ea94a0ed93896e92.tar.gz
- completed:
    name: amazonka-core
    pantry-tree:
      sha256: a5f2e22021962f5aea5d1ed82ef12b950e00792c383f9639a99b6ec049e95b16
      size: 3192
    sha256: b12087ce6deaa02af1a694606e3c7feae8292526ba022d73b92918a3a1545ef1
    size: 32808709
    subdir: lib/amazonka-core
    url: https://github.com/brendanhay/amazonka/archive/17e377b1e0aa734e10897347ea94a0ed93896e92.tar.gz
    version: '2.0'
  original:
    subdir: lib/amazonka-core
    url: https://github.com/brendanhay/amazonka/archive/17e377b1e0aa734e10897347ea94a0ed93896e92.tar.gz
- completed:
    name: amazonka-cloudformation
    pantry-tree:
      sha256: 71ab70b160500e99f542b74f7fbad64f40ec5091ffcd9eeec0443addd408244d
      size: 27000
    sha256: b12087ce6deaa02af1a694606e3c7feae8292526ba022d73b92918a3a1545ef1
    size: 32808709
    subdir: lib/services/amazonka-cloudformation
    url: https://github.com/brendanhay/amazonka/archive/17e377b1e0aa734e10897347ea94a0ed93896e92.tar.gz
    version: '2.0'
  original:
    subdir: lib/services/amazonka-cloudformation
    url: https://github.com/brendanhay/amazonka/archive/17e377b1e0aa734e10897347ea94a0ed93896e92.tar.gz
- completed:
    name: amazonka-s3
    pantry-tree:
      sha256: 96bbfcae6986d3b9214a6989e3dfdf928c2255eac4fe67f8394c716c5d51a883
      size: 38742
    sha256: b12087ce6deaa02af1a694606e3c7feae8292526ba022d73b92918a3a1545ef1
    size: 32808709
    subdir: lib/services/amazonka-s3
    url: https://github.com/brendanhay/amazonka/archive/17e377b1e0aa734e10897347ea94a0ed93896e92.tar.gz
    version: '2.0'
  original:
    subdir: lib/services/amazonka-s3
    url: https://github.com/brendanhay/amazonka/archive/17e377b1e0aa734e10897347ea94a0ed93896e92.tar.gz
- completed:
    name: amazonka-sso
    pantry-tree:
      sha256: 2643a420ad4064894505bc0ee0d18c13414fc0bee2c9cdf692715833567ea216
      size: 1869
    sha256: b12087ce6deaa02af1a694606e3c7feae8292526ba022d73b92918a3a1545ef1
    size: 32808709
    subdir: lib/services/amazonka-sso
    url: https://github.com/brendanhay/amazonka/archive/17e377b1e0aa734e10897347ea94a0ed93896e92.tar.gz
    version: '2.0'
  original:
    subdir: lib/services/amazonka-sso
    url: https://github.com/brendanhay/amazonka/archive/17e377b1e0aa734e10897347ea94a0ed93896e92.tar.gz
- completed:
    name: amazonka-sts
    pantry-tree:
      sha256: 64207fd75b14e7591bd1de2fb18878d454b73e352e0c7ea79dba6e384e023079
      size: 2932
    sha256: b12087ce6deaa02af1a694606e3c7feae8292526ba022d73b92918a3a1545ef1
    size: 32808709
    subdir: lib/services/amazonka-sts
    url: https://github.com/brendanhay/amazonka/archive/17e377b1e0aa734e10897347ea94a0ed93896e92.tar.gz
    version: '2.0'
  original:
    subdir: lib/services/amazonka-sts
    url: https://github.com/brendanhay/amazonka/archive/17e377b1e0aa734e10897347ea94a0ed93896e92.tar.gz
- completed:
    hackage: stratosphere-0.60.0@sha256:ce16367b41c9b64c698d416801504441c3207b6b25eb03aba3594117951f8260,145343
    pantry-tree:
      sha256: 4dda716435f9742e3929dc5bfe8259d43a8539941cbd345c2d09b2b8ba828d5e
      size: 243747
  original:
    hackage: stratosphere-0.60.0@sha256:ce16367b41c9b64c698d416801504441c3207b6b25eb03aba3594117951f8260,145343
- completed:
    hackage: symbols-0.3.0.0@sha256:5d051bccbd4bcb33fa8ce076bd3cd2bacc90973682f7340976758947eaa128a9,964
    pantry-tree:
      sha256: 06746077732f4d49d3277821303292314d51df9a63efecd47217fc0946233026
      size: 529
  original:
    hackage: symbols-0.3.0.0@sha256:5d051bccbd4bcb33fa8ce076bd3cd2bacc90973682f7340976758947eaa128a9,964
snapshots:
- completed:
    sha256: 9a74d76d250a455d9cd11e74f157e087787fa9aa3c4264e69c94703d1e71aede
    size: 619200
    url: https://raw.githubusercontent.com/commercialhaskell/stackage-snapshots/master/lts/19/30.yaml
  original: lts-19.30
