# This file was autogenerated by Stack.
# You should not edit this file by hand.
# For more information, please see the documentation at:
#   https://docs.haskellstack.org/en/stable/lock_files

packages:
- completed:
    hackage: symbols-0.3.0.0@sha256:5d051bccbd4bcb33fa8ce076bd3cd2bacc90973682f7340976758947eaa128a9,964
    pantry-tree:
      sha256: 06746077732f4d49d3277821303292314d51df9a63efecd47217fc0946233026
      size: 529
  original:
    hackage: symbols-0.3.0.0@sha256:5d051bccbd4bcb33fa8ce076bd3cd2bacc90973682f7340976758947eaa128a9,964
- completed:
    name: amazonka
    pantry-tree:
      sha256: 2702cdbccc58aaedfd12b0ef7d1cae769f4f132e225b90d300e34a422a29015d
      size: 1318
    sha256: b12087ce6deaa02af1a694606e3c7feae8292526ba022d73b92918a3a1545ef1
    size: 32808709
    subdir: lib/amazonka
    url: https://github.com/brendanhay/amazonka/archive/17e377b1e0aa734e10897347ea94a0ed93896e92.tar.gz
    version: '2.0'
  original:
    subdir: lib/amazonka
    url: https://github.com/brendanhay/amazonka/archive/17e377b1e0aa734e10897347ea94a0ed93896e92.tar.gz
- completed:
    name: amazonka-core
    pantry-tree:
      sha256: a5f2e22021962f5aea5d1ed82ef12b950e00792c383f9639a99b6ec049e95b16
      size: 3192
    sha256: b12087ce6deaa02af1a694606e3c7feae8292526ba022d73b92918a3a1545ef1
    size: 32808709
    subdir: lib/amazonka-core
    url: https://github.com/brendanhay/amazonka/archive/17e377b1e0aa734e10897347ea94a0ed93896e92.tar.gz
    version: '2.0'
  original:
    subdir: lib/amazonka-core
    url: https://github.com/brendanhay/amazonka/archive/17e377b1e0aa734e10897347ea94a0ed93896e92.tar.gz
- completed:
    name: amazonka-cloudformation
    pantry-tree:
      sha256: 71ab70b160500e99f542b74f7fbad64f40ec5091ffcd9eeec0443addd408244d
      size: 27000
    sha256: b12087ce6deaa02af1a694606e3c7feae8292526ba022d73b92918a3a1545ef1
    size: 32808709
    subdir: lib/services/amazonka-cloudformation
    url: https://github.com/brendanhay/amazonka/archive/17e377b1e0aa734e10897347ea94a0ed93896e92.tar.gz
    version: '2.0'
  original:
    subdir: lib/services/amazonka-cloudformation
    url: https://github.com/brendanhay/amazonka/archive/17e377b1e0aa734e10897347ea94a0ed93896e92.tar.gz
- completed:
    name: amazonka-s3
    pantry-tree:
      sha256: 96bbfcae6986d3b9214a6989e3dfdf928c2255eac4fe67f8394c716c5d51a883
      size: 38742
    sha256: b12087ce6deaa02af1a694606e3c7feae8292526ba022d73b92918a3a1545ef1
    size: 32808709
    subdir: lib/services/amazonka-s3
    url: https://github.com/brendanhay/amazonka/archive/17e377b1e0aa734e10897347ea94a0ed93896e92.tar.gz
    version: '2.0'
  original:
    subdir: lib/services/amazonka-s3
    url: https://github.com/brendanhay/amazonka/archive/17e377b1e0aa734e10897347ea94a0ed93896e92.tar.gz
- completed:
    name: amazonka-sso
    pantry-tree:
      sha256: 2643a420ad4064894505bc0ee0d18c13414fc0bee2c9cdf692715833567ea216
      size: 1869
    sha256: b12087ce6deaa02af1a694606e3c7feae8292526ba022d73b92918a3a1545ef1
    size: 32808709
    subdir: lib/services/amazonka-sso
    url: https://github.com/brendanhay/amazonka/archive/17e377b1e0aa734e10897347ea94a0ed93896e92.tar.gz
    version: '2.0'
  original:
    subdir: lib/services/amazonka-sso
    url: https://github.com/brendanhay/amazonka/archive/17e377b1e0aa734e10897347ea94a0ed93896e92.tar.gz
- completed:
    name: amazonka-sts
    pantry-tree:
      sha256: 64207fd75b14e7591bd1de2fb18878d454b73e352e0c7ea79dba6e384e023079
      size: 2932
    sha256: b12087ce6deaa02af1a694606e3c7feae8292526ba022d73b92918a3a1545ef1
    size: 32808709
    subdir: lib/services/amazonka-sts
    url: https://github.com/brendanhay/amazonka/archive/17e377b1e0aa734e10897347ea94a0ed93896e92.tar.gz
    version: '2.0'
  original:
    subdir: lib/services/amazonka-sts
    url: https://github.com/brendanhay/amazonka/archive/17e377b1e0aa734e10897347ea94a0ed93896e92.tar.gz
- completed:
    name: stratosphere
    pantry-tree:
      sha256: f8d18b77add8ed544a4319cdf1698b1a4d0839db571884ef8c93e570433480d1
      size: 1112160
    sha256: c472592083b8bf3c701543cccda0dd05b32f7dda89f45097c45b4f47b292e118
    size: 2238027
    subdir: .
    url: https://github.com/mbj/stratosphere/archive/f9e340a939324f3c6d0b5eeb649b601ee524801a.tar.gz
    version: 1.0.0
  original:
    subdir: .
    url: https://github.com/mbj/stratosphere/archive/f9e340a939324f3c6d0b5eeb649b601ee524801a.tar.gz
- completed:
    name: stratosphere-ecs
    pantry-tree:
      sha256: 258de741b6227c6487252485c58aeeba46651a84da9dd78c502fdbdf8ea7b23a
      size: 13226
    sha256: c472592083b8bf3c701543cccda0dd05b32f7dda89f45097c45b4f47b292e118
    size: 2238027
    subdir: services/ecs
    url: https://github.com/mbj/stratosphere/archive/f9e340a939324f3c6d0b5eeb649b601ee524801a.tar.gz
    version: 1.0.0
  original:
    subdir: services/ecs
    url: https://github.com/mbj/stratosphere/archive/f9e340a939324f3c6d0b5eeb649b601ee524801a.tar.gz
- completed:
    name: stratosphere-lambda
    pantry-tree:
      sha256: 215492d2163dce653e72b2abe2dbe14b5041c181b0b6f00c3b00ed7fb3d94ae7
      size: 7795
    sha256: c472592083b8bf3c701543cccda0dd05b32f7dda89f45097c45b4f47b292e118
    size: 2238027
    subdir: services/lambda
    url: https://github.com/mbj/stratosphere/archive/f9e340a939324f3c6d0b5eeb649b601ee524801a.tar.gz
    version: 1.0.0
  original:
    subdir: services/lambda
    url: https://github.com/mbj/stratosphere/archive/f9e340a939324f3c6d0b5eeb649b601ee524801a.tar.gz
- completed:
    name: stratosphere-s3
    pantry-tree:
      sha256: c9df4a09cea4d7a6a12be2db9e9be33b54608f65b697b8712927c7568aa6965c
      size: 16612
    sha256: c472592083b8bf3c701543cccda0dd05b32f7dda89f45097c45b4f47b292e118
    size: 2238027
    subdir: services/s3
    url: https://github.com/mbj/stratosphere/archive/f9e340a939324f3c6d0b5eeb649b601ee524801a.tar.gz
    version: 1.0.0
  original:
    subdir: services/s3
    url: https://github.com/mbj/stratosphere/archive/f9e340a939324f3c6d0b5eeb649b601ee524801a.tar.gz
snapshots:
- completed:
    sha256: af5d667f6096e535b9c725a72cffe0f6c060e0568d9f9eeda04caee70d0d9d2d
    size: 649133
    url: https://raw.githubusercontent.com/commercialhaskell/stackage-snapshots/master/lts/20/12.yaml
  original: lts-20.12
