# This file was autogenerated by Stack.
# You should not edit this file by hand.
# For more information, please see the documentation at:
#   https://docs.haskellstack.org/en/stable/lock_files

packages:
- completed:
    cabal-file:
      size: 3183
      sha256: 2d715c20eb1c2663b018de1048e16e7c2fb4f56b84466b366bb4e174e72c3be4
    name: cbt
    version: 0.0.1
    git: https://github.com/mbj/cbt
    pantry-tree:
      size: 899
      sha256: 54c7e15512c114eb5ec41bc4e9b0839cbf8dab9a2d8ff7768d94e6177fc0ba79
    commit: 990a2f3274d03b3626607adfb3528f315c498f44
  original:
    git: https://github.com/mbj/cbt
    commit: 990a2f3274d03b3626607adfb3528f315c498f44
- completed:
    cabal-file:
      size: 3524
      sha256: 9bc9ae0f9a6a690e1012a991e083e1e40f0cb831df53d32d7d0032dd2842f5f4
    name: devtools
    version: 0.0.0.1
    git: https://github.com/mbj/devtools-hs
    pantry-tree:
      size: 615
      sha256: ce829e4fc5c4de4c5e59b011de2e804a9df75ee341111905bd11bbec3598b23d
    commit: 4a05908e59690ed852fde484eb0b2a57f8fb1ae6
  original:
    git: https://github.com/mbj/devtools-hs
    commit: 4a05908e59690ed852fde484eb0b2a57f8fb1ae6
- completed:
    cabal-file:
      size: 2372
      sha256: 72cdb03d20aadb52dd832fad5f2591ca50f19a4068562bb38c0e93dfebb01969
    name: mprelude
    version: 0.0.0.1
    git: https://github.com/mbj/mprelude
    pantry-tree:
      size: 439
      sha256: a390a9c1c423a2a9b3802b1a5a035bed426d1b9883b86d4e872bb94bfcfd0a45
    commit: 451e3c2bed257c42e45dfb00d66376285cfaa56f
  original:
    git: https://github.com/mbj/mprelude
    commit: 451e3c2bed257c42e45dfb00d66376285cfaa56f
- completed:
    cabal-file:
      size: 3327
      sha256: bec14e7228856e87765506edc2b4e41ceed0177ba817efbde292c98a9f15631e
    name: source-constraints
    version: 0.0.0.1
    git: https://github.com/mbj/source-constraints
    pantry-tree:
      size: 1039
      sha256: d26679d5fe809ab2140c5c18a341434bfdbb09e654c435684beac30a91a17b81
    commit: 75ba67ba7a8853db3c2ca22c5db10dbe883e1dae
  original:
    git: https://github.com/mbj/source-constraints
    commit: 75ba67ba7a8853db3c2ca22c5db10dbe883e1dae
- completed:
    subdir: core
    cabal-file:
      size: 2510
      sha256: a94ba70edd47058ee91a7dfddf0c5da45f834c2cc717051edb1cc4b45f124318
    name: tasty
    version: 1.2.3
    git: https://github.com/mbj/tasty
    pantry-tree:
      size: 1793
      sha256: 9a78c93658061fa5d6d1655faf5532d64abe61c1f7eed389ddc61d922525761a
    commit: 6b884dc97902feaf6e81ad46f3cc905eb122e5d6
  original:
    subdir: core
    git: https://github.com/mbj/tasty
    commit: 6b884dc97902feaf6e81ad46f3cc905eb122e5d6
- completed:
    cabal-file:
      size: 2849
      sha256: fcc5e6e7c250650880c12f07c96e88ca22b92cc88d81cb529703fa4ae973f033
    name: tasty-mgolden
    version: 0.0.0.1
    git: https://github.com/mbj/tasty-mgolden
    pantry-tree:
      size: 549
      sha256: b6f75a496d710a887d6191f46251dfada785c2e9f0f28c29b54c5d25d3127e6e
    commit: 888ae7b63716f7e4d9b6703cb5dae840cd3a328b
  original:
    git: https://github.com/mbj/tasty-mgolden
    commit: 888ae7b63716f7e4d9b6703cb5dae840cd3a328b
snapshots:
- completed:
    size: 524996
    url: https://raw.githubusercontent.com/commercialhaskell/stackage-snapshots/master/lts/14/27.yaml
    sha256: 7ea31a280c56bf36ff591a7397cc384d0dff622e7f9e4225b47d8980f019a0f0
  original: lts-14.27
