# This file was autogenerated by Stack.
# You should not edit this file by hand.
# For more information, please see the documentation at:
#   https://docs.haskellstack.org/en/stable/lock_files

packages:
- completed:
    hackage: amazonka-2.0@sha256:3481da2fda6b210d15d41c1db7a588adf68123cfb7ea3882797a6230003259db,3505
    pantry-tree:
      sha256: 01c7121bd5e4a3918a71ea6502412292c97facf20c9620f07af96e423d6437e2
      size: 1528
  original:
    hackage: amazonka-2.0
- completed:
    hackage: amazonka-cloudformation-2.0@sha256:7a9618bf697cdaf0a51c2d7be557ad47820b926416d79f5138ff3befdbfcbafb,11870
    pantry-tree:
      sha256: 177fbc16ea2fa072a7fca9f4a3b1d64f4d5e8fc7cd493e4e841f337c572745bd
      size: 27257
  original:
    hackage: amazonka-cloudformation-2.0
- completed:
    hackage: amazonka-core-2.0@sha256:d9f0533c272ac92bd7b18699077038b6b51b3552e91b65743af4ce646286b4f8,4383
    pantry-tree:
      sha256: 46e7e4de910b08ee2df98db9cda2becf388ce49510024018289a46c43e175ee0
      size: 3222
  original:
    hackage: amazonka-core-2.0
- completed:
    hackage: amazonka-ec2-2.0@sha256:9344b87d8f8328fd91023b96565e79e7676aa5e7dd40b87b3f3f3a22a9da7736,74154
    pantry-tree:
      sha256: d1f2d4fce5b0664605d730d4232b25f26a5f49e3b7d07f4b282e8c36773e5ffd
      size: 234434
  original:
    hackage: amazonka-ec2-2.0
- completed:
    hackage: amazonka-lambda-2.0@sha256:aa74299380318b04429980eb76b7f0499a8241ff01de859042b0ff09bd7ef420,8281
    pantry-tree:
      sha256: da8f346de9d1eb0fb12afa91e44f8179ac05176043919346e2e72a7880b7a9e5
      size: 21343
  original:
    hackage: amazonka-lambda-2.0
- completed:
    hackage: amazonka-s3-2.0@sha256:e3143e11ab9e57ee0dfd9d1dd95a44c5b4a7d34af78c8f5b2e6c00afad118a02,13853
    pantry-tree:
      sha256: 49f801400582ef0ca290312243b55e6e3c540c0c94c1a3110735bc400386fefb
      size: 38690
  original:
    hackage: amazonka-s3-2.0
- completed:
    hackage: amazonka-secretsmanager-2.0@sha256:de4b8b2e1d5d0743dda1eb85c8be96897ab6ccf5aa62494d2d6318d869a49d42,4473
    pantry-tree:
      sha256: aa576fda0382f75e7f7e632a270754d875e41b5099851a1d8ab176cef56c7b50
      size: 7039
  original:
    hackage: amazonka-secretsmanager-2.0
- completed:
    hackage: amazonka-sso-2.0@sha256:902be13b604e4a3b51a9b8e1adc6a32f42322ae11f738a72a8c737b2d0a91a5e,2995
    pantry-tree:
      sha256: f87dd959a78bf54295bd6f8c7da58f7f8f860251d5548ecb05ab758e03cba50b
      size: 1817
  original:
    hackage: amazonka-sso-2.0
- completed:
    hackage: amazonka-sts-2.0@sha256:5c721083e8d80883a893176de6105c27bbbd8176f467c27ac5f8d548a5e726d8,3209
    pantry-tree:
      sha256: bde4691af7cac74e0a3705271b4d3ac05515863bfb6f668112e3f3950a27cb41
      size: 2880
  original:
    hackage: amazonka-sts-2.0
- completed:
    name: stratosphere
    pantry-tree:
      sha256: 9461aaaf7e8baccf8d129720126179caaee6420d56e34152154689f4c2d847ae
      size: 1526810
    sha256: 74ab541d3bfa92fac0c8cda380f3fe2de4cb37dafd78b5c9f2506744d53f36d3
    size: 2937014
    subdir: .
    url: https://github.com/mbj/stratosphere/archive/d1b638820ca9fd90f7d5afba535415da47252af5.tar.gz
    version: 1.0.0
  original:
    subdir: .
    url: https://github.com/mbj/stratosphere/archive/d1b638820ca9fd90f7d5afba535415da47252af5.tar.gz
- completed:
    name: stratosphere-cloudwatch
    pantry-tree:
      sha256: bc872304641517499210bdbd2db774c4c450e54ccd15b66bcd593ee9cd629c60
      size: 4353
    sha256: 74ab541d3bfa92fac0c8cda380f3fe2de4cb37dafd78b5c9f2506744d53f36d3
    size: 2937014
    subdir: services/cloudwatch
    url: https://github.com/mbj/stratosphere/archive/d1b638820ca9fd90f7d5afba535415da47252af5.tar.gz
    version: 1.0.0
  original:
    subdir: services/cloudwatch
    url: https://github.com/mbj/stratosphere/archive/d1b638820ca9fd90f7d5afba535415da47252af5.tar.gz
- completed:
    name: stratosphere-ecs
    pantry-tree:
      sha256: 6dbadbe1590fc976c5cde85f0cb18e57e2a0bae958ff447d3e557018d099dfa8
      size: 13226
    sha256: 74ab541d3bfa92fac0c8cda380f3fe2de4cb37dafd78b5c9f2506744d53f36d3
    size: 2937014
    subdir: services/ecs
    url: https://github.com/mbj/stratosphere/archive/d1b638820ca9fd90f7d5afba535415da47252af5.tar.gz
    version: 1.0.0
  original:
    subdir: services/ecs
    url: https://github.com/mbj/stratosphere/archive/d1b638820ca9fd90f7d5afba535415da47252af5.tar.gz
- completed:
    name: stratosphere-events
    pantry-tree:
      sha256: a217cd6621badf38605e09ce7497709aa4f0a5652bf3c7f58bac329e82438fcf
      size: 8137
    sha256: 74ab541d3bfa92fac0c8cda380f3fe2de4cb37dafd78b5c9f2506744d53f36d3
    size: 2937014
    subdir: services/events
    url: https://github.com/mbj/stratosphere/archive/d1b638820ca9fd90f7d5afba535415da47252af5.tar.gz
    version: 1.0.0
  original:
    subdir: services/events
    url: https://github.com/mbj/stratosphere/archive/d1b638820ca9fd90f7d5afba535415da47252af5.tar.gz
- completed:
    name: stratosphere-iam
    pantry-tree:
      sha256: da1e34b72e68f1aef0fbca8680ed1c623def45c6ed2feac25815933d17c86dcb
      size: 1815
    sha256: 74ab541d3bfa92fac0c8cda380f3fe2de4cb37dafd78b5c9f2506744d53f36d3
    size: 2937014
    subdir: services/iam
    url: https://github.com/mbj/stratosphere/archive/d1b638820ca9fd90f7d5afba535415da47252af5.tar.gz
    version: 1.0.0
  original:
    subdir: services/iam
    url: https://github.com/mbj/stratosphere/archive/d1b638820ca9fd90f7d5afba535415da47252af5.tar.gz
- completed:
    name: stratosphere-lambda
    pantry-tree:
      sha256: 1e554f32ec0f522724f15185d7f1c714f39c40e72a4b533c1aae4ca6b309a7dc
      size: 8043
    sha256: 74ab541d3bfa92fac0c8cda380f3fe2de4cb37dafd78b5c9f2506744d53f36d3
    size: 2937014
    subdir: services/lambda
    url: https://github.com/mbj/stratosphere/archive/d1b638820ca9fd90f7d5afba535415da47252af5.tar.gz
    version: 1.0.0
  original:
    subdir: services/lambda
    url: https://github.com/mbj/stratosphere/archive/d1b638820ca9fd90f7d5afba535415da47252af5.tar.gz
- completed:
    name: stratosphere-logs
    pantry-tree:
      sha256: 9ec2b117d4ea936052e9756fcfcfcb4b804ca52cfb4ada53500b8fd2ef53f72e
      size: 1083
    sha256: 74ab541d3bfa92fac0c8cda380f3fe2de4cb37dafd78b5c9f2506744d53f36d3
    size: 2937014
    subdir: services/logs
    url: https://github.com/mbj/stratosphere/archive/d1b638820ca9fd90f7d5afba535415da47252af5.tar.gz
    version: 1.0.0
  original:
    subdir: services/logs
    url: https://github.com/mbj/stratosphere/archive/d1b638820ca9fd90f7d5afba535415da47252af5.tar.gz
- completed:
    name: stratosphere-s3
    pantry-tree:
      sha256: 25ea8cac5e9c4400b433f3ff8b2d26174b0ae3e78db8b03f3f9cdf24737620a7
      size: 16418
    sha256: 74ab541d3bfa92fac0c8cda380f3fe2de4cb37dafd78b5c9f2506744d53f36d3
    size: 2937014
    subdir: services/s3
    url: https://github.com/mbj/stratosphere/archive/d1b638820ca9fd90f7d5afba535415da47252af5.tar.gz
    version: 1.0.0
  original:
    subdir: services/s3
    url: https://github.com/mbj/stratosphere/archive/d1b638820ca9fd90f7d5afba535415da47252af5.tar.gz
- completed:
    name: stratosphere-secretsmanager
    pantry-tree:
      sha256: 2fee0eb9db2c3d6b02bf0eada7ed492f28c1bde89ad4383af3ccd2292f7e6e6d
      size: 1408
    sha256: 74ab541d3bfa92fac0c8cda380f3fe2de4cb37dafd78b5c9f2506744d53f36d3
    size: 2937014
    subdir: services/secretsmanager
    url: https://github.com/mbj/stratosphere/archive/d1b638820ca9fd90f7d5afba535415da47252af5.tar.gz
    version: 1.0.0
  original:
    subdir: services/secretsmanager
    url: https://github.com/mbj/stratosphere/archive/d1b638820ca9fd90f7d5afba535415da47252af5.tar.gz
snapshots:
- completed:
    sha256: a81fb3877c4f9031e1325eb3935122e608d80715dc16b586eb11ddbff8671ecd
    size: 640086
    url: https://raw.githubusercontent.com/commercialhaskell/stackage-snapshots/master/lts/21/25.yaml
  original: lts-21.25
