# This file was autogenerated by Stack.
# You should not edit this file by hand.
# For more information, please see the documentation at:
#   https://docs.haskellstack.org/en/stable/lock_files

packages:
- completed:
    name: stratosphere
    pantry-tree:
      sha256: 9461aaaf7e8baccf8d129720126179caaee6420d56e34152154689f4c2d847ae
      size: 1526810
    sha256: 74ab541d3bfa92fac0c8cda380f3fe2de4cb37dafd78b5c9f2506744d53f36d3
    size: 2937014
    subdir: .
    url: https://github.com/mbj/stratosphere/archive/d1b638820ca9fd90f7d5afba535415da47252af5.tar.gz
    version: 1.0.0
  original:
    subdir: .
    url: https://github.com/mbj/stratosphere/archive/d1b638820ca9fd90f7d5afba535415da47252af5.tar.gz
- completed:
    name: stratosphere-cloudwatch
    pantry-tree:
      sha256: bc872304641517499210bdbd2db774c4c450e54ccd15b66bcd593ee9cd629c60
      size: 4353
    sha256: 74ab541d3bfa92fac0c8cda380f3fe2de4cb37dafd78b5c9f2506744d53f36d3
    size: 2937014
    subdir: services/cloudwatch
    url: https://github.com/mbj/stratosphere/archive/d1b638820ca9fd90f7d5afba535415da47252af5.tar.gz
    version: 1.0.0
  original:
    subdir: services/cloudwatch
    url: https://github.com/mbj/stratosphere/archive/d1b638820ca9fd90f7d5afba535415da47252af5.tar.gz
- completed:
    name: stratosphere-ecs
    pantry-tree:
      sha256: 6dbadbe1590fc976c5cde85f0cb18e57e2a0bae958ff447d3e557018d099dfa8
      size: 13226
    sha256: 74ab541d3bfa92fac0c8cda380f3fe2de4cb37dafd78b5c9f2506744d53f36d3
    size: 2937014
    subdir: services/ecs
    url: https://github.com/mbj/stratosphere/archive/d1b638820ca9fd90f7d5afba535415da47252af5.tar.gz
    version: 1.0.0
  original:
    subdir: services/ecs
    url: https://github.com/mbj/stratosphere/archive/d1b638820ca9fd90f7d5afba535415da47252af5.tar.gz
- completed:
    name: stratosphere-events
    pantry-tree:
      sha256: a217cd6621badf38605e09ce7497709aa4f0a5652bf3c7f58bac329e82438fcf
      size: 8137
    sha256: 74ab541d3bfa92fac0c8cda380f3fe2de4cb37dafd78b5c9f2506744d53f36d3
    size: 2937014
    subdir: services/events
    url: https://github.com/mbj/stratosphere/archive/d1b638820ca9fd90f7d5afba535415da47252af5.tar.gz
    version: 1.0.0
  original:
    subdir: services/events
    url: https://github.com/mbj/stratosphere/archive/d1b638820ca9fd90f7d5afba535415da47252af5.tar.gz
- completed:
    name: stratosphere-iam
    pantry-tree:
      sha256: da1e34b72e68f1aef0fbca8680ed1c623def45c6ed2feac25815933d17c86dcb
      size: 1815
    sha256: 74ab541d3bfa92fac0c8cda380f3fe2de4cb37dafd78b5c9f2506744d53f36d3
    size: 2937014
    subdir: services/iam
    url: https://github.com/mbj/stratosphere/archive/d1b638820ca9fd90f7d5afba535415da47252af5.tar.gz
    version: 1.0.0
  original:
    subdir: services/iam
    url: https://github.com/mbj/stratosphere/archive/d1b638820ca9fd90f7d5afba535415da47252af5.tar.gz
- completed:
    name: stratosphere-lambda
    pantry-tree:
      sha256: 1e554f32ec0f522724f15185d7f1c714f39c40e72a4b533c1aae4ca6b309a7dc
      size: 8043
    sha256: 74ab541d3bfa92fac0c8cda380f3fe2de4cb37dafd78b5c9f2506744d53f36d3
    size: 2937014
    subdir: services/lambda
    url: https://github.com/mbj/stratosphere/archive/d1b638820ca9fd90f7d5afba535415da47252af5.tar.gz
    version: 1.0.0
  original:
    subdir: services/lambda
    url: https://github.com/mbj/stratosphere/archive/d1b638820ca9fd90f7d5afba535415da47252af5.tar.gz
- completed:
    name: stratosphere-logs
    pantry-tree:
      sha256: 9ec2b117d4ea936052e9756fcfcfcb4b804ca52cfb4ada53500b8fd2ef53f72e
      size: 1083
    sha256: 74ab541d3bfa92fac0c8cda380f3fe2de4cb37dafd78b5c9f2506744d53f36d3
    size: 2937014
    subdir: services/logs
    url: https://github.com/mbj/stratosphere/archive/d1b638820ca9fd90f7d5afba535415da47252af5.tar.gz
    version: 1.0.0
  original:
    subdir: services/logs
    url: https://github.com/mbj/stratosphere/archive/d1b638820ca9fd90f7d5afba535415da47252af5.tar.gz
- completed:
    name: stratosphere-s3
    pantry-tree:
      sha256: 25ea8cac5e9c4400b433f3ff8b2d26174b0ae3e78db8b03f3f9cdf24737620a7
      size: 16418
    sha256: 74ab541d3bfa92fac0c8cda380f3fe2de4cb37dafd78b5c9f2506744d53f36d3
    size: 2937014
    subdir: services/s3
    url: https://github.com/mbj/stratosphere/archive/d1b638820ca9fd90f7d5afba535415da47252af5.tar.gz
    version: 1.0.0
  original:
    subdir: services/s3
    url: https://github.com/mbj/stratosphere/archive/d1b638820ca9fd90f7d5afba535415da47252af5.tar.gz
- completed:
    name: stratosphere-secretsmanager
    pantry-tree:
      sha256: 2fee0eb9db2c3d6b02bf0eada7ed492f28c1bde89ad4383af3ccd2292f7e6e6d
      size: 1408
    sha256: 74ab541d3bfa92fac0c8cda380f3fe2de4cb37dafd78b5c9f2506744d53f36d3
    size: 2937014
    subdir: services/secretsmanager
    url: https://github.com/mbj/stratosphere/archive/d1b638820ca9fd90f7d5afba535415da47252af5.tar.gz
    version: 1.0.0
  original:
    subdir: services/secretsmanager
    url: https://github.com/mbj/stratosphere/archive/d1b638820ca9fd90f7d5afba535415da47252af5.tar.gz
- completed:
    name: amazonka
    pantry-tree:
      sha256: 449e5e0777359ebb56ead5fca6aeef5ec4f5bdd82a810ad3ba30432055efaa8b
      size: 1528
    sha256: 95fd96d76c74894b9d2a2553b58934501270f1cf37418a4d42da6e16b46d8cd3
    size: 34732287
    subdir: lib/amazonka
    url: https://github.com/brendanhay/amazonka/archive/30b200d487bccd2568de1257a812a464270d0096.tar.gz
    version: '2.0'
  original:
    subdir: lib/amazonka
    url: https://github.com/brendanhay/amazonka/archive/30b200d487bccd2568de1257a812a464270d0096.tar.gz
- completed:
    name: amazonka-core
    pantry-tree:
      sha256: e560d220c73068da280e8532d27f4cee341c2c05efd2f5d5b1b0336cb24ccb1b
      size: 3222
    sha256: 95fd96d76c74894b9d2a2553b58934501270f1cf37418a4d42da6e16b46d8cd3
    size: 34732287
    subdir: lib/amazonka-core
    url: https://github.com/brendanhay/amazonka/archive/30b200d487bccd2568de1257a812a464270d0096.tar.gz
    version: '2.0'
  original:
    subdir: lib/amazonka-core
    url: https://github.com/brendanhay/amazonka/archive/30b200d487bccd2568de1257a812a464270d0096.tar.gz
- completed:
    name: amazonka-cloudformation
    pantry-tree:
      sha256: 25e860bcbfaba5317b0e5567aceffbb10b7314400437e0f8a999551c0fa2f216
      size: 27257
    sha256: 95fd96d76c74894b9d2a2553b58934501270f1cf37418a4d42da6e16b46d8cd3
    size: 34732287
    subdir: lib/services/amazonka-cloudformation
    url: https://github.com/brendanhay/amazonka/archive/30b200d487bccd2568de1257a812a464270d0096.tar.gz
    version: '2.0'
  original:
    subdir: lib/services/amazonka-cloudformation
    url: https://github.com/brendanhay/amazonka/archive/30b200d487bccd2568de1257a812a464270d0096.tar.gz
- completed:
    name: amazonka-ec2
    pantry-tree:
      sha256: 51aee8c10460ea60030dd9c3ae09dfdd78ae71c20e304f8824ba2275ec16a20d
      size: 234434
    sha256: 95fd96d76c74894b9d2a2553b58934501270f1cf37418a4d42da6e16b46d8cd3
    size: 34732287
    subdir: lib/services/amazonka-ec2
    url: https://github.com/brendanhay/amazonka/archive/30b200d487bccd2568de1257a812a464270d0096.tar.gz
    version: '2.0'
  original:
    subdir: lib/services/amazonka-ec2
    url: https://github.com/brendanhay/amazonka/archive/30b200d487bccd2568de1257a812a464270d0096.tar.gz
- completed:
    name: amazonka-lambda
    pantry-tree:
      sha256: e99dc2ab8f03c47702d3ba13cd416942e2143b4e494136d482749d2d47ee09ac
      size: 21343
    sha256: 95fd96d76c74894b9d2a2553b58934501270f1cf37418a4d42da6e16b46d8cd3
    size: 34732287
    subdir: lib/services/amazonka-lambda
    url: https://github.com/brendanhay/amazonka/archive/30b200d487bccd2568de1257a812a464270d0096.tar.gz
    version: '2.0'
  original:
    subdir: lib/services/amazonka-lambda
    url: https://github.com/brendanhay/amazonka/archive/30b200d487bccd2568de1257a812a464270d0096.tar.gz
- completed:
    name: amazonka-s3
    pantry-tree:
      sha256: 50bb47db3771d94ee26711bad9d91b1dc32e6466a9a580e9333af434728052b1
      size: 38690
    sha256: 95fd96d76c74894b9d2a2553b58934501270f1cf37418a4d42da6e16b46d8cd3
    size: 34732287
    subdir: lib/services/amazonka-s3
    url: https://github.com/brendanhay/amazonka/archive/30b200d487bccd2568de1257a812a464270d0096.tar.gz
    version: '2.0'
  original:
    subdir: lib/services/amazonka-s3
    url: https://github.com/brendanhay/amazonka/archive/30b200d487bccd2568de1257a812a464270d0096.tar.gz
- completed:
    name: amazonka-secretsmanager
    pantry-tree:
      sha256: e3fff44d0288efd08e15cf06fd1f2116519ea626fdddbebd07102839e18dd85f
      size: 7039
    sha256: 95fd96d76c74894b9d2a2553b58934501270f1cf37418a4d42da6e16b46d8cd3
    size: 34732287
    subdir: lib/services/amazonka-secretsmanager
    url: https://github.com/brendanhay/amazonka/archive/30b200d487bccd2568de1257a812a464270d0096.tar.gz
    version: '2.0'
  original:
    subdir: lib/services/amazonka-secretsmanager
    url: https://github.com/brendanhay/amazonka/archive/30b200d487bccd2568de1257a812a464270d0096.tar.gz
- completed:
    name: amazonka-sso
    pantry-tree:
      sha256: f8897d82072d662605f60dc3d18e921c04bbb337b5d7caaeaece36fc8aee7fb9
      size: 1817
    sha256: 95fd96d76c74894b9d2a2553b58934501270f1cf37418a4d42da6e16b46d8cd3
    size: 34732287
    subdir: lib/services/amazonka-sso
    url: https://github.com/brendanhay/amazonka/archive/30b200d487bccd2568de1257a812a464270d0096.tar.gz
    version: '2.0'
  original:
    subdir: lib/services/amazonka-sso
    url: https://github.com/brendanhay/amazonka/archive/30b200d487bccd2568de1257a812a464270d0096.tar.gz
- completed:
    name: amazonka-sts
    pantry-tree:
      sha256: b2a18c0a04c999f9f32e114ad94bf76a89e463dbb16063ebf0899ee28808f898
      size: 2880
    sha256: 95fd96d76c74894b9d2a2553b58934501270f1cf37418a4d42da6e16b46d8cd3
    size: 34732287
    subdir: lib/services/amazonka-sts
    url: https://github.com/brendanhay/amazonka/archive/30b200d487bccd2568de1257a812a464270d0096.tar.gz
    version: '2.0'
  original:
    subdir: lib/services/amazonka-sts
    url: https://github.com/brendanhay/amazonka/archive/30b200d487bccd2568de1257a812a464270d0096.tar.gz
snapshots:
- completed:
    sha256: 08bd13ce621b41a8f5e51456b38d5b46d7783ce114a50ab604d6bbab0d002146
    size: 720271
    url: https://raw.githubusercontent.com/commercialhaskell/stackage-snapshots/master/lts/22/43.yaml
  original: lts-22.43
