# This file was autogenerated by Stack.
# You should not edit this file by hand.
# For more information, please see the documentation at:
#   https://docs.haskellstack.org/en/stable/lock_files

packages: []
snapshots:
- completed:
    size: 608629
    url: https://raw.githubusercontent.com/commercialhaskell/stackage-snapshots/master/nightly/2023/4/19.yaml
    sha256: 40a64253dcdb4bf9b79ad1810f364ac0609d799c4a9c14be7c67b546d29f2250
  original: nightly-2023-04-19
