# This file was autogenerated by Stack.
# You should not edit this file by hand.
# For more information, please see the documentation at:
#   https://docs.haskellstack.org/en/stable/lock_files

packages: []
snapshots:
- completed:
    sha256: c283c8c0be7ffb9d3a6624f367226b03c6a8d55a04b1a9037e02da81e506d1b7
    size: 698106
    url: https://raw.githubusercontent.com/commercialhaskell/stackage-snapshots/master/nightly/2023/11/8.yaml
  original: nightly-2023-11-08
