# This file was autogenerated by Stack.
# You should not edit this file by hand.
# For more information, please see the documentation at:
#   https://docs.haskellstack.org/en/stable/lock_files

packages: []
snapshots:
- completed:
    size: 610848
    url: https://raw.githubusercontent.com/commercialhaskell/stackage-snapshots/master/nightly/2022/3/13.yaml
    sha256: a66df032f70de92b36489bb75834b66589a4538806856c81f9f07682f26e7c64
  original: nightly-2022-03-13
