# This file was autogenerated by Stack.
# You should not edit this file by hand.
# For more information, please see the documentation at:
#   https://docs.haskellstack.org/en/stable/lock_files

packages: []
snapshots:
- completed:
    size: 553330
    url: https://raw.githubusercontent.com/commercialhaskell/stackage-snapshots/master/nightly/2020/11/19.yaml
    sha256: 7ae41d7d9026078cbc28fa535936498eaf604f93b04f9c9c61224312c7f47758
  original: nightly-2020-11-19
